ucionica0
        PON     UTO     SRI     CET     PET
0       39      130     233     43      332     
0       89      51      358     374     219     
0       16      6       347     148     277     
0       209     31      327     340     357     
0       1       310     350     328     306     
0       57      127     278     231     95      
0       85      91      345     75      339     
0       124     58      55      94      65      
0       222     205     287     253     90      
ucionica1
        PON     UTO     SRI     CET     PET
0       249     165     160     336     256     
0       382     262     276     11      322     
0       18      268     368     184     318     
0       114     62      54      360     352     
0       20      243     399     275     129     
0       63      229     181     316     107     
0       0       60      134     365     255     
0       30      237     -       363     47      
0       48      246     341     378     40      
ucionica2
        PON     UTO     SRI     CET     PET
0       109     280     128     161     12      
0       -       235     371     356     353     
0       110     241     370     96      359     
0       101     377     185     337     191     
0       42      294     227     346     145     
0       175     -       15      5       372     
0       176     159     258     282     381     
0       113     170     -       272     82      
0       34      202     -       98      146     
ucionica3
        PON     UTO     SRI     CET     PET
0       324     -       140     -       355     
0       -       -       162     385     389     
0       223     -       390     -       155     
0       186     125     291     -       -       
0       106     -       290     -       206     
0       178     -       351     152     -       
0       -       364     173     375     80      
0       248     79      225     2       265     
0       383     -       -       308     -       
ucionica4
        PON     UTO     SRI     CET     PET
0       -       397     149     296     -       
0       64      61      86      14      137     
0       29      284     326     236     -       
0       -       343     334     3       156     
0       376     78      180     388     -       
0       -       257     49      72      -       
0       183     384     -       93      300     
0       232     367     27      13      292     
0       309     386     -       -       111     
ucionica5
        PON     UTO     SRI     CET     PET
0       -       -       214     -       -       
0       -       -       -       -       -       
0       -       144     273     -       212     
0       37      -       71      293     366     
0       7       21      52      -       201     
0       252     312     -       164     200     
0       -       224     -       -       19      
0       -       -       -       -       122     
0       269     -       301     -       -       
ucionica6
        PON     UTO     SRI     CET     PET
0       344     311     -       387     -       
0       68      163     -       74      -       
0       321     281     228     251     -       
0       -       238     215     45      -       
0       -       -       138     247     -       
0       -       182     295     333     395     
0       -       398     -       259     70      
0       198     -       335     -       17      
0       216     391     -       393     261     
ucionica7
        PON     UTO     SRI     CET     PET
0       392     -       -       -       -       
0       -       -       -       396     -       
0       -       153     132     25      -       
0       -       -       -       -       -       
0       -       -       -       -       99      
0       -       -       -       -       -       
0       -       -       -       -       -       
0       -       84      208     118     -       
0       -       -       -       286     -       
ucionica8
        PON     UTO     SRI     CET     PET
0       112     167     299     192     305     
0       81      362     -       -       133     
0       -       -       -       10      33      
0       -       329     271     120     46      
0       59      -       135     147     -       
0       123     139     168     136     193     
0       100     317     319     -       190     
0       -       38      221     325     -       
0       -       302     67      195     -       
ucionica9
        PON     UTO     SRI     CET     PET
0       -       108     187     -       44      
0       102     141     274     -       -       
0       289     -       -       126     -       
0       41      179     -       -       -       
0       -       313     234     303     50      
0       8       97      267     103     338     
0       270     207     188     53      379     
0       28      -       -       166     104     
0       105     -       172     -       394     
