ucionica0
        PON     UTO     SRI     CET     PET
0       84      175     398     76      277     
0       50      34      87      265     325     
0       97      162     40      -       233     
0       203     178     269     394     232     
0       132     24      131     101     396     
0       118     307     392     341     376     
0       111     332     149     -       32      
0       112     19      239     372     44      
0       52      309     391     235     159     
ucionica1
        PON     UTO     SRI     CET     PET
0       124     100     46      338     171     
0       141     77      45      144     375     
0       12      249     107     331     217     
0       174     22      192     -       247     
0       49      7       370     347     67      
0       68      59      10      105     16      
0       134     27      81      72      166     
0       -       205     349     94      58      
0       243     167     223     254     218     
ucionica2
        PON     UTO     SRI     CET     PET
0       96      127     82      369     234     
0       289     367     73      355     216     
0       36      246     241     28      161     
0       122     -       278     258     156     
0       115     153     275     252     266     
0       35      281     4       204     285     
0       352     382     225     322     312     
0       119     74      297     224     15      
0       108     263     316     129     272     
ucionica3
        PON     UTO     SRI     CET     PET
0       -       -       93      -       -       
0       -       321     139     -       120     
0       -       -       -       345     -       
0       -       -       381     -       123     
0       222     -       185     384     214     
0       -       -       213     226     -       
0       -       395     86      -       -       
0       -       199     179     -       163     
0       -       -       363     -       42      
ucionica4
        PON     UTO     SRI     CET     PET
0       182     183     240     -       146     
0       71      -       -       -       137     
0       -       -       313     -       -       
0       91      126     143     -       -       
0       23      37      155     354     51      
0       66      -       -       305     -       
0       117     210     -       227     53      
0       1       -       317     -       33      
0       -       -       -       -       242     
ucionica5
        PON     UTO     SRI     CET     PET
0       102     -       229     -       236     
0       -       18      328     -       351     
0       83      324     377     41      373     
0       -       371     78      208     -       
0       -       -       -       -       -       
0       140     -       125     -       -       
0       142     -       197     267     314     
0       -       148     339     99      177     
0       -       315     206     323     43      
ucionica6
        PON     UTO     SRI     CET     PET
0       -       191     -       -       -       
0       154     -       -       385     383     
0       -       -       -       189     259     
0       207     389     292     319     -       
0       -       301     380     5       -       
0       -       188     248     -       172     
0       -       194     130     61      -       
0       -       300     136     -       -       
0       -       -       -       -       -       
ucionica7
        PON     UTO     SRI     CET     PET
0       -       138     -       220     -       
0       -       54      393     -       147     
0       253     70      -       -       -       
0       193     -       -       209     318     
0       135     334     -       291     -       
0       399     6       244     -       190     
0       -       343     89      238     251     
0       -       110     -       -       221     
0       287     -       -       330     276     
ucionica8
        PON     UTO     SRI     CET     PET
0       337     -       -       -       -       
0       -       -       -       -       -       
0       106     -       -       -       262     
0       -       104     -       -       -       
0       75      268     151     -       -       
0       -       -       -       -       -       
0       152     215     64      -       -       
0       -       -       -       -       336     
0       13      357     38      -       -       
ucionica9
        PON     UTO     SRI     CET     PET
0       -       378     353     25      165     
0       -       -       -       168     -       
0       -       306     348     198     -       
0       31      -       -       109     386     
0       361     -       2       -       -       
0       -       -       69      257     176     
0       -       200     -       157     -       
0       116     -       -       333     -       
0       8       -       181     -       397     
