ucionica0
        PON     UTO     SRI     CET     PET
0       76      19      -       109     24      
0       85      6       178     110     95      
0       55      58      31      90      -       
0       71      134     91      -       42      
0       -       -       7       116     -       
0       143     -       50      98      -       
0       -       86      106     52      -       
0       -       177     167     51      129     
0       159     186     130     148     1       
ucionica1
        PON     UTO     SRI     CET     PET
0       105     176     150     158     -       
0       114     34      181     -       131     
0       79      28      39      32      146     
0       36      144     61      -       54      
0       113     20      84      107     5       
0       138     40      2       128     11      
0       117     160     80      153     18      
0       -       89      165     -       157     
0       -       -       187     189     -       
ucionica2
        PON     UTO     SRI     CET     PET
0       170     -       -       47      -       
0       -       -       -       -       -       
0       0       -       132     -       199     
0       -       -       -       -       -       
0       -       30      -       -       -       
0       -       -       -       -       -       
0       -       96      -       126     4       
0       -       101     -       -       -       
0       -       -       174     -       -       
ucionica3
        PON     UTO     SRI     CET     PET
0       -       -       -       -       -       
0       -       -       -       -       -       
0       -       -       -       -       -       
0       -       155     -       -       -       
0       -       -       -       -       -       
0       -       -       -       162     -       
0       -       -       -       -       -       
0       -       -       -       -       -       
0       -       -       -       -       25      
ucionica4
        PON     UTO     SRI     CET     PET
0       64      -       121     -       -       
0       -       163     -       183     -       
0       -       -       -       -       -       
0       -       -       -       3       -       
0       48      -       -       145     45      
0       62      -       -       78      -       
0       180     -       -       -       72      
0       -       -       -       74      108     
0       22      82      -       17      14      
ucionica5
        PON     UTO     SRI     CET     PET
0       -       -       -       -       -       
0       37      -       -       -       -       
0       -       -       -       179     -       
0       35      -       -       -       -       
0       21      -       -       -       -       
0       -       122     -       -       -       
0       -       -       -       -       -       
0       57      77      -       -       -       
0       -       -       -       -       -       
ucionica6
        PON     UTO     SRI     CET     PET
0       -       -       -       -       -       
0       13      -       -       -       198     
0       -       -       -       -       -       
0       -       -       -       -       169     
0       -       -       175     -       -       
0       68      -       -       -       70      
0       182     -       -       -       -       
0       -       -       -       -       -       
0       -       -       -       -       -       
ucionica7
        PON     UTO     SRI     CET     PET
0       -       -       -       -       -       
0       -       -       -       -       -       
0       -       -       -       -       -       
0       193     -       93      -       -       
0       -       -       -       -       152     
0       -       -       -       -       -       
0       -       43      -       -       -       
0       -       -       -       -       -       
0       -       -       99      -       -       
ucionica8
        PON     UTO     SRI     CET     PET
0       -       135     97      192     139     
0       -       168     -       -       -       
0       -       -       -       -       -       
0       -       -       133     142     26      
0       151     -       -       -       -       
0       -       156     92      -       -       
0       -       10      112     -       -       
0       81      -       -       123     -       
0       100     59      -       -       46      
ucionica9
        PON     UTO     SRI     CET     PET
0       -       -       -       -       15      
0       -       -       -       -       196     
0       -       -       141     33      63      
0       -       -       -       60      -       
0       -       190     -       -       -       
0       -       185     172     -       53      
0       -       -       188     -       69      
0       -       -       102     -       -       
0       -       -       -       -       197     
