ucionica0
        PON     UTO     SRI     CET     PET
0       16      24      85      132     106     
0       -       -       55      2       -       
0       130     -       6       88      -       
0       31      -       90      -       155     
0       19      71      -       -       95      
0       134     25      -       42      -       
0       28      -       -       193     161     
0       91      167     165     173     116     
0       58      164     159     -       175     
ucionica1
        PON     UTO     SRI     CET     PET
0       20      138     80      128     104     
0       30      -       79      181     11      
0       -       191     -       107     113     
0       36      89      4       66      -       
0       -       144     -       174     -       
0       146     199     34      -       0       
0       -       61      -       -       187     
0       117     150     32      105     -       
0       1       38      47      154     50      
ucionica2
        PON     UTO     SRI     CET     PET
0       184     -       -       177     101     
0       -       -       98      153     -       
0       -       118     -       -       -       
0       -       -       51      -       -       
0       -       186     -       -       -       
0       160     -       84      -       157     
0       -       96      -       -       12      
0       -       18      109     158     -       
0       -       -       -       -       39      
ucionica3
        PON     UTO     SRI     CET     PET
0       76      110     -       -       -       
0       -       -       -       -       -       
0       52      -       -       -       -       
0       -       -       -       -       -       
0       -       140     -       -       -       
0       -       -       -       -       -       
0       -       -       -       178     -       
0       -       -       -       -       -       
0       -       -       -       -       -       
ucionica4
        PON     UTO     SRI     CET     PET
0       182     183     -       -       -       
0       -       82      -       -       -       
0       -       -       27      -       -       
0       -       108     -       45      127     
0       -       180     163     111     121     
0       62      -       -       171     -       
0       -       -       -       72      -       
0       68      131     119     74      145     
0       -       -       -       14      49      
ucionica5
        PON     UTO     SRI     CET     PET
0       -       -       -       -       -       
0       -       179     37      -       -       
0       -       -       -       -       -       
0       -       -       -       -       -       
0       -       -       -       -       -       
0       -       57      77      -       -       
0       21      -       122     -       -       
0       35      -       -       -       -       
0       -       56      -       -       -       
ucionica6
        PON     UTO     SRI     CET     PET
0       -       78      -       -       -       
0       13      48      -       -       -       
0       -       -       198     -       -       
0       -       22      -       -       9       
0       70      -       -       -       29      
0       -       -       -       -       -       
0       -       -       -       -       -       
0       -       -       -       -       -       
0       115     -       -       -       -       
ucionica7
        PON     UTO     SRI     CET     PET
0       -       -       -       -       -       
0       -       -       -       -       -       
0       -       43      -       99      -       
0       -       -       -       -       93      
0       -       -       -       -       -       
0       -       -       -       -       -       
0       -       -       -       -       -       
0       -       -       -       -       -       
0       -       -       -       152     -       
ucionica8
        PON     UTO     SRI     CET     PET
0       -       -       97      -       133     
0       -       -       -       67      135     
0       -       100     -       136     -       
0       92      -       123     192     -       
0       -       -       81      -       73      
0       -       46      -       147     -       
0       -       156     112     -       -       
0       -       59      -       10      139     
0       -       -       -       -       -       
ucionica9
        PON     UTO     SRI     CET     PET
0       197     -       41      196     -       
0       -       -       -       -       87      
0       60      -       -       166     172     
0       -       -       141     -       194     
0       -       -       15      -       -       
0       -       -       102     185     190     
0       -       -       69      -       -       
0       -       -       -       -       8       
0       -       -       33      -       195     
