ucionica0
        PON     UTO     SRI     CET     PET
0       128     400     200     355     369     
0       269     75      144     338     378     
0       315     207     262     239     188     
0       10      89      59      -       488     
0       344     87      174     278     439     
0       95      263     331     283     465     
0       84      499     319     478     240     
0       -       461     232     346     72      
0       57      113     177     332     105     
ucionica1
        PON     UTO     SRI     CET     PET
0       16      64      -       276     431     
0       270     104     215     -       411     
0       164     47      231     349     304     
0       119     279     290     24      214     
0       55      317     227     341     483     
0       116     323     219     393     21      
0       481     165     206     216     44      
0       81      376     336     408     -       
0       -       363     -       -       -       
ucionica2
        PON     UTO     SRI     CET     PET
0       414     123     135     420     494     
0       34      196     222     353     370     
0       31      178     305     325     443     
0       48      148     117     352     480     
0       156     438     298     379     62      
0       243     394     209     267     467     
0       288     229     310     329     -       
0       130     306     383     252     289     
0       99      11      425     63      -       
ucionica3
        PON     UTO     SRI     CET     PET
0       40      100     107     -       433     
0       334     -       -       183     -       
0       430     299     235     208     192     
0       230     150     281     296     -       
0       -       159     176     441     487     
0       440     126     157     407     -       
0       377     333     185     445     -       
0       54      145     339     364     15      
0       -       103     179     92      142     
ucionica4
        PON     UTO     SRI     CET     PET
0       -       131     -       -       3       
0       19      493     143     386     452     
0       -       153     342     318     251     
0       -       -       297     -       462     
0       74      -       -       112     322     
0       -       80      122     359     32      
0       -       204     -       469     309     
0       390     146     -       25      65      
0       -       -       86      489     427     
ucionica5
        PON     UTO     SRI     CET     PET
0       198     -       -       -       335     
0       91      -       361     446     -       
0       -       70      83      450     -       
0       -       -       -       93      497     
0       210     -       71      -       -       
0       8       327     166     171     -       
0       191     280     189     490     -       
0       26      180     479     -       -       
0       -       -       -       -       -       
ucionica6
        PON     UTO     SRI     CET     PET
0       49      292     -       -       90      
0       399     223     456     421     311     
0       4       492     201     -       -       
0       -       -       241     77      202     
0       173     -       320     313     -       
0       -       -       221     238     203     
0       220     151     437     73      -       
0       -       -       118     -       -       
0       -       114     375     374     324     
ucionica7
        PON     UTO     SRI     CET     PET
0       5       133     328     277     -       
0       -       474     43      -       -       
0       163     190     67      -       -       
0       -       302     -       428     -       
0       -       444     -       402     410     
0       127     76      -       417     -       
0       245     52      -       -       -       
0       -       253     51      -       -       
0       115     287     284     458     -       
ucionica8
        PON     UTO     SRI     CET     PET
0       247     357     -       463     259     
0       294     274     -       495     272     
0       300     406     330     -       -       
0       205     254     187     -       -       
0       17      140     244     -       -       
0       257     282     387     -       -       
0       275     470     -       69      472     
0       236     217     -       0       -       
0       413     -       -       -       271     
ucionica9
        PON     UTO     SRI     CET     PET
0       124     109     98      -       -       
0       -       -       -       -       39      
0       218     -       -       -       41      
0       266     314     424     -       111     
0       -       -       -       -       168     
0       -       365     384     246     79      
0       -       22      -       197     308     
0       -       -       134     85      453     
0       58      136     -       -       -       
ucionica10
        PON     UTO     SRI     CET     PET
0       -       -       295     397     366     
0       101     360     -       -       108     
0       261     78      -       405     181     
0       -       20      -       468     -       
0       312     293     -       56      449     
0       -       -       -       401     228     
0       129     23      367     475     102     
0       -       -       -       225     226     
0       -       248     485     -       391     
ucionica11
        PON     UTO     SRI     CET     PET
0       -       -       -       -       -       
0       -       -       255     -       -       
0       423     -       -       -       403     
0       -       -       154     -       -       
0       -       -       -       -       1       
0       -       -       -       96      -       
0       -       -       -       -       -       
0       -       60      -       285     -       
0       -       -       404     -       -       
ucionica12
        PON     UTO     SRI     CET     PET
0       66      -       -       -       -       
0       -       466     -       237     -       
0       -       -       -       -       -       
0       -       -       -       -       -       
0       -       -       -       -       -       
0       -       -       432     -       -       
0       -       -       -       -       -       
0       -       -       -       -       -       
0       -       -       -       -       -       
ucionica13
        PON     UTO     SRI     CET     PET
0       -       -       -       -       -       
0       -       186     -       -       -       
0       -       -       -       -       464     
0       -       -       -       -       -       
0       -       -       -       250     -       
0       -       -       -       -       -       
0       -       -       -       -       -       
0       -       -       -       -       212     
0       -       -       -       -       -       
ucionica14
        PON     UTO     SRI     CET     PET
0       106     -       -       -       457     
0       395     -       -       -       -       
0       -       -       -       -       -       
0       -       -       -       -       -       
0       234     -       418     -       -       
0       -       -       -       -       167     
0       -       -       -       -       121     
0       -       -       162     -       -       
0       -       -       -       -       -       
ucionica15
        PON     UTO     SRI     CET     PET
0       -       -       -       -       -       
0       -       -       -       -       -       
0       -       -       -       -       -       
0       -       -       -       -       -       
0       -       -       -       -       -       
0       -       -       -       -       -       
0       -       -       -       -       -       
0       -       -       -       -       -       
0       -       -       -       -       -       
ucionica16
        PON     UTO     SRI     CET     PET
0       -       -       -       -       -       
0       -       -       -       184     -       
0       -       381     -       172     -       
0       448     -       -       -       -       
0       -       -       -       -       -       
0       -       -       -       273     -       
0       382     -       -       350     -       
0       -       -       -       -       -       
0       28      -       -       496     -       
ucionica17
        PON     UTO     SRI     CET     PET
0       412     388     -       -       -       
0       -       -       -       291     -       
0       372     351     -       343     29      
0       -       -       -       195     486     
0       30      -       473     -       -       
0       -       -       -       -       -       
0       -       -       286     398     371     
0       -       -       484     -       476     
0       -       -       -       426     356     
ucionica18
        PON     UTO     SRI     CET     PET
0       -       193     392     149     -       
0       -       -       38      -       -       
0       -       -       -       -       182     
0       -       471     -       97      -       
0       18      434     -       -       348     
0       -       88      454     -       -       
0       53      -       -       -       -       
0       -       -       -       -       -       
0       -       -       -       -       125     
ucionica19
        PON     UTO     SRI     CET     PET
0       -       -       -       -       -       
0       -       -       -       -       -       
0       396     -       -       -       -       
0       -       -       -       -       -       
0       -       -       -       -       -       
0       -       -       -       -       -       
0       -       -       -       -       -       
0       -       -       -       -       -       
0       -       -       -       -       498     
