ucionica0
        PON     UTO     SRI     CET     PET
0       235     162     157     225     397     
0       0       323     152     320     354     
0       363     -       143     248     246     
0       19      -       200     255     177     
0       53      111     340     1       352     
0       20      116     -       366     251     
0       35      149     185     319     76      
0       375     142     242     391     379     
0       75      108     -       274     78      
ucionica1
        PON     UTO     SRI     CET     PET
0       383     55      238     245     199     
0       18      97      -       210     371     
0       47      -       139     309     365     
0       135     107     194     360     -       
0       204     247     176     339     362     
0       25      -       299     2       197     
0       27      119     15      257     121     
0       57      115     -       -       358     
0       10      179     -       -       382     
ucionica2
        PON     UTO     SRI     CET     PET
0       16      36      259     271     236     
0       50      231     217     -       329     
0       82      171     169     227     178     
0       -       92      -       333     -       
0       -       112     103     334     229     
0       38      -       211     249     336     
0       215     192     228     310     303     
0       -       230     243     328     367     
0       288     -       321     -       -       
ucionica3
        PON     UTO     SRI     CET     PET
0       23      95      279     -       361     
0       -       154     93      260     145     
0       399     -       -       -       -       
0       64      261     308     104     12      
0       -       138     59      66      -       
0       51      -       252     -       17      
0       65      301     272     85      398     
0       -       126     -       300     -       
0       -       -       -       -       -       
ucionica4
        PON     UTO     SRI     CET     PET
0       175     202     -       276     -       
0       31      110     73      218     168     
0       -       250     195     69      11      
0       159     380     324     124     100     
0       70      114     -       193     337     
0       54      -       99      89      -       
0       344     -       -       297     96      
0       -       -       343     161     -       
0       223     79      331     284     90      
ucionica5
        PON     UTO     SRI     CET     PET
0       -       131     347     151     -       
0       39      -       188     28      180     
0       61      282     -       117     137     
0       134     -       123     -       -       
0       -       -       378     285     181     
0       392     302     312     125     364     
0       7       234     -       253     74      
0       216     150     315     40      239     
0       29      273     8       355     280     
ucionica6
        PON     UTO     SRI     CET     PET
0       240     160     -       155     351     
0       -       77      316     294     -       
0       237     267     213     32      224     
0       266     387     -       298     158     
0       106     86      254     163     105     
0       275     37      372     173     283     
0       -       377     322     165     30      
0       307     182     296     128     263     
0       127     258     291     209     393     
ucionica7
        PON     UTO     SRI     CET     PET
0       -       270     345     265     109     
0       212     290     -       153     -       
0       24      130     349     68      341     
0       -       -       269     4       58      
0       98      222     -       164     196     
0       -       63      148     187     262     
0       13      292     -       -       6       
0       353     356     311     14      -       
0       -       48      221     22      -       
ucionica8
        PON     UTO     SRI     CET     PET
0       -       -       -       -       -       
0       -       -       278     -       -       
0       -       -       -       -       -       
0       330     -       -       -       -       
0       -       -       -       -       374     
0       -       -       -       -       -       
0       -       332     -       -       -       
0       -       44      342     -       -       
0       -       207     -       -       147     
ucionica9
        PON     UTO     SRI     CET     PET
0       41      -       -       -       386     
0       -       -       206     -       -       
0       -       -       146     232     -       
0       385     -       -       -       -       
0       -       -       189     -       268     
0       -       376     -       -       67      
0       -       -       205     348     -       
0       -       -       56      -       -       
0       -       -       -       -       396     
