ucionica0
        PON     UTO     SRI     CET     PET
0       54      61      -       261     -       
0       11      100     181     377     186     
0       116     373     325     225     -       
0       27      155     268     280     -       
0       36      70      192     -       301     
0       43      81      230     266     342     
0       -       92      232     351     118     
0       41      79      306     383     143     
0       152     115     282     159     302     
ucionica1
        PON     UTO     SRI     CET     PET
0       223     317     -       243     -       
0       358     -       158     239     -       
0       -       -       -       -       -       
0       -       -       29      35      -       
0       128     -       -       -       -       
0       -       -       -       -       -       
0       -       -       -       -       288     
0       333     -       -       -       -       
0       -       -       -       -       -       
ucionica2
        PON     UTO     SRI     CET     PET
0       23      154     332     305     363     
0       123     396     209     245     37      
0       67      107     -       -       -       
0       341     382     222     278     167     
0       59      122     340     49      177     
0       72      276     273     389     228     
0       69      176     -       -       -       
0       106     178     139     386     295     
0       120     338     292     32      -       
ucionica3
        PON     UTO     SRI     CET     PET
0       185     153     214     291     212     
0       347     -       279     331     294     
0       76      140     202     350     365     
0       53      28      224     210     258     
0       197     109     151     274     201     
0       251     -       193     310     55      
0       103     169     289     309     -       
0       82      91      14      387     -       
0       135     97      31      195     -       
ucionica4
        PON     UTO     SRI     CET     PET
0       315     249     171     366     63      
0       -       -       121     323     311     
0       217     237     -       233     205     
0       45      -       117     189     252     
0       88      90      300     299     368     
0       132     208     -       -       307     
0       -       20      296     12      -       
0       213     264     219     354     -       
0       110     187     -       73      -       
ucionica5
        PON     UTO     SRI     CET     PET
0       25      -       -       -       -       
0       -       -       378     -       -       
0       -       -       -       -       -       
0       -       -       -       -       -       
0       -       384     -       150     -       
0       -       -       -       -       -       
0       -       -       -       -       -       
0       -       -       -       -       -       
0       -       270     -       -       -       
ucionica6
        PON     UTO     SRI     CET     PET
0       5       -       298     172     -       
0       -       394     297     -       -       
0       -       -       -       -       -       
0       166     95      -       -       102     
0       133     -       -       58      60      
0       -       320     326     -       -       
0       112     -       353     236     -       
0       -       38      -       -       198     
0       267     -       -       -       -       
ucionica7
        PON     UTO     SRI     CET     PET
0       -       375     380     -       46      
0       16      -       -       -       96      
0       -       -       328     126     156     
0       -       -       -       -       -       
0       -       -       -       21      -       
0       4       -       75      371     259     
0       -       180     -       286     355     
0       -       272     99      318     241     
0       -       -       357     -       319     
ucionica8
        PON     UTO     SRI     CET     PET
0       -       51      -       -       -       
0       -       356     391     -       231     
0       -       321     42      52      374     
0       -       381     124     385     62      
0       -       -       163     48      271     
0       -       -       290     226     84      
0       -       -       56      77      -       
0       34      335     113     7       33      
0       -       -       211     30      281     
ucionica9
        PON     UTO     SRI     CET     PET
0       -       -       -       -       -       
0       -       -       -       -       -       
0       -       -       -       -       -       
0       -       -       -       -       -       
0       -       -       -       -       -       
0       -       -       -       -       -       
0       -       -       -       -       -       
0       -       -       -       -       -       
0       -       -       -       -       -       
ucionica10
        PON     UTO     SRI     CET     PET
0       207     196     234     -       -       
0       -       -       -       -       -       
0       131     80      -       149     170     
0       -       -       -       -       -       
0       -       255     -       -       165     
0       -       -       125     395     -       
0       -       316     -       144     -       
0       283     -       -       -       22      
0       -       -       86      -       277     
ucionica11
        PON     UTO     SRI     CET     PET
0       -       -       -       -       -       
0       -       -       -       -       -       
0       -       146     -       -       -       
0       250     -       -       -       -       
0       -       -       -       -       -       
0       -       -       -       -       -       
0       -       -       -       -       -       
0       -       -       -       -       -       
0       -       -       -       -       -       
ucionica12
        PON     UTO     SRI     CET     PET
0       -       -       -       -       -       
0       -       262     -       0       137     
0       -       -       -       -       260     
0       -       308     114     -       -       
0       -       -       -       -       -       
0       -       98      -       -       -       
0       -       -       93      334     -       
0       -       -       -       -       -       
0       -       -       -       -       65      
ucionica13
        PON     UTO     SRI     CET     PET
0       -       361     -       57      -       
0       -       253     -       -       -       
0       -       10      -       -       -       
0       -       -       129     -       111     
0       -       -       -       -       392     
0       85      -       -       -       15      
0       240     -       78      -       184     
0       -       -       87      -       322     
0       -       -       -       -       -       
ucionica14
        PON     UTO     SRI     CET     PET
0       -       -       -       -       -       
0       359     -       -       -       -       
0       -       -       -       227     -       
0       -       -       -       -       -       
0       -       -       74      -       -       
0       -       -       -       -       -       
0       17      -       -       -       372     
0       -       -       -       -       -       
0       -       -       -       -       -       
ucionica15
        PON     UTO     SRI     CET     PET
0       -       -       -       -       -       
0       -       -       -       -       -       
0       -       -       -       254     -       
0       399     161     -       -       -       
0       -       -       -       379     -       
0       -       -       -       -       -       
0       -       -       -       -       -       
0       -       -       -       -       -       
0       -       -       257     -       -       
ucionica16
        PON     UTO     SRI     CET     PET
0       -       -       -       -       -       
0       -       -       -       -       -       
0       -       -       -       -       -       
0       -       -       -       -       -       
0       -       -       -       -       -       
0       -       -       -       -       -       
0       -       -       -       -       -       
0       -       -       -       -       -       
0       -       -       -       -       -       
ucionica17
        PON     UTO     SRI     CET     PET
0       -       -       265     -       327     
0       -       -       -       364     -       
0       352     173     256     -       -       
0       -       -       -       -       -       
0       175     -       -       -       -       
0       218     -       -       -       -       
0       369     130     -       -       -       
0       134     -       -       94      -       
0       244     -       -       367     160     
ucionica18
        PON     UTO     SRI     CET     PET
0       -       -       -       24      -       
0       343     -       -       -       -       
0       -       -       -       -       293     
0       -       -       -       -       -       
0       -       -       -       -       346     
0       -       -       -       -       -       
0       -       -       -       -       -       
0       -       -       182     -       -       
0       -       -       -       -       -       
ucionica19
        PON     UTO     SRI     CET     PET
0       -       -       -       -       -       
0       101     -       -       -       348     
0       -       -       -       -       -       
0       203     -       204     -       -       
0       -       -       -       -       -       
0       -       345     -       -       -       
0       -       -       -       -       142     
0       -       -       -       -       -       
0       -       -       -       -       398     
