ucionica0
        PON     UTO     SRI     CET     PET
0       29      -       225     119     -       
0       8       -       400     41      241     
0       16      573     323     -       286     
0       90      140     256     584     539     
0       17      390     271     -       183     
0       313     -       326     412     292     
0       597     49      304     405     520     
0       255     537     560     277     366     
0       546     177     -       392     -       
ucionica1
        PON     UTO     SRI     CET     PET
0       43      423     180     278     311     
0       353     143     216     -       -       
0       -       123     194     557     35      
0       47      155     -       515     -       
0       246     172     189     395     110     
0       34      -       62      -       210     
0       -       262     445     24      -       
0       469     -       -       383     166     
0       562     422     -       451     361     
ucionica2
        PON     UTO     SRI     CET     PET
0       54      -       593     -       -       
0       393     178     173     -       385     
0       52      284     -       -       -       
0       72      101     -       372     489     
0       87      208     163     492     432     
0       274     198     281     384     359     
0       99      -       517     552     160     
0       340     147     -       510     144     
0       42      128     514     449     -       
ucionica3
        PON     UTO     SRI     CET     PET
0       162     200     575     513     345     
0       -       394     -       399     93      
0       290     39      95      55      582     
0       479     156     299     -       215     
0       76      199     -       293     407     
0       410     260     257     570     364     
0       482     85      283     105     433     
0       551     207     309     544     417     
0       289     441     212     554     421     
ucionica4
        PON     UTO     SRI     CET     PET
0       70      474     319     574     534     
0       73      -       -       427     138     
0       102     31      -       191     337     
0       98      204     258     214     375     
0       142     221     261     187     -       
0       97      486     315     310     252     
0       113     -       250     518     548     
0       59      196     556     495     176     
0       96      509     588     -       459     
ucionica5
        PON     UTO     SRI     CET     PET
0       -       -       -       -       -       
0       64      230     -       -       -       
0       -       -       -       -       -       
0       179     -       572     -       236     
0       -       -       543     244     -       
0       -       -       -       502     -       
0       389     -       -       127     -       
0       -       -       -       -       -       
0       174     596     -       -       -       
ucionica6
        PON     UTO     SRI     CET     PET
0       -       -       301     325     322     
0       -       82      -       280     -       
0       -       287     -       307     171     
0       125     157     -       -       -       
0       46      234     -       -       -       
0       63      -       232     498     -       
0       461     -       74      448     406     
0       -       302     456     -       457     
0       512     152     -       320     22      
ucionica7
        PON     UTO     SRI     CET     PET
0       5       -       -       217     -       
0       578     -       181     475     442     
0       -       -       396     455     -       
0       -       209     -       84      -       
0       135     -       590     -       -       
0       -       555     77      382     349     
0       88      454     115     -       242     
0       -       25      182     26      -       
0       235     0       471     239     370     
ucionica8
        PON     UTO     SRI     CET     PET
0       413     381     -       -       522     
0       -       -       -       536     532     
0       -       595     131     -       -       
0       429     -       141     -       -       
0       -       -       -       -       443     
0       237     333     -       -       -       
0       335     -       -       -       65      
0       -       184     365     -       -       
0       317     368     478     -       270     
ucionica9
        PON     UTO     SRI     CET     PET
0       -       -       357     -       519     
0       -       500     -       -       -       
0       195     86      567     -       324     
0       -       -       18      318     -       
0       -       130     -       -       -       
0       -       577     -       -       -       
0       279     497     403     -       -       
0       -       436     350     559     -       
0       -       -       -       80      -       
ucionica10
        PON     UTO     SRI     CET     PET
0       190     295     581     233     -       
0       12      545     355     159     351     
0       -       481     164     -       589     
0       71      490     -       32      -       
0       558     245     -       120     251     
0       446     528     266     -       116     
0       -       316     -       94      511     
0       418     197     -       438     568     
0       11      308     409     111     458     
ucionica11
        PON     UTO     SRI     CET     PET
0       373     -       -       348     263     
0       133     426     -       493     -       
0       360     186     -       424     148     
0       -       36      205     132     -       
0       -       188     -       112     6       
0       253     168     376     37      276     
0       -       599     -       118     -       
0       129     -       -       300     -       
0       -       79      516     -       -       
ucionica12
        PON     UTO     SRI     CET     PET
0       550     -       -       -       -       
0       -       -       -       344     314     
0       -       -       -       -       -       
0       -       -       -       -       75      
0       -       -       -       -       -       
0       -       -       -       -       -       
0       -       -       -       -       -       
0       468     507     -       -       -       
0       -       -       -       294     342     
ucionica13
        PON     UTO     SRI     CET     PET
0       -       343     117     -       352     
0       -       -       66      48      40      
0       -       504     248     -       203     
0       108     -       -       464     321     
0       -       21      564     114     362     
0       9       -       175     549     107     
0       227     -       83      563     -       
0       7       -       487     -       508     
0       329     -       -       -       -       
ucionica14
        PON     UTO     SRI     CET     PET
0       154     -       -       -       -       
0       -       13      -       282     -       
0       134     580     -       -       -       
0       -       -       -       137     -       
0       -       -       -       470     211     
0       -       530     -       -       -       
0       -       124     -       -       -       
0       -       -       -       -       -       
0       297     347     499     -       -       
ucionica15
        PON     UTO     SRI     CET     PET
0       569     -       -       587     -       
0       -       -       -       -       535     
0       -       -       -       533     -       
0       -       -       -       529     -       
0       338     -       -       496     -       
0       -       69      -       -       -       
0       -       81      585     488     78      
0       -       92      153     -       275     
0       -       -       -       397     303     
ucionica16
        PON     UTO     SRI     CET     PET
0       -       -       -       -       494     
0       -       -       -       -       -       
0       165     -       -       -       -       
0       -       -       -       -       439     
0       -       -       -       -       213     
0       -       -       -       447     -       
0       -       -       -       -       -       
0       -       -       -       -       -       
0       -       -       386     -       -       
ucionica17
        PON     UTO     SRI     CET     PET
0       -       -       -       374     -       
0       -       -       -       -       -       
0       416     -       -       -       -       
0       -       483     -       -       -       
0       -       -       -       -       -       
0       -       -       -       -       -       
0       -       -       -       330     -       
0       158     -       -       -       -       
0       -       -       -       -       -       
ucionica18
        PON     UTO     SRI     CET     PET
0       -       291     -       -       -       
0       -       -       -       -       -       
0       -       -       460     -       -       
0       354     -       -       -       387     
0       -       -       -       -       -       
0       -       -       -       467     -       
0       -       -       -       -       -       
0       273     -       -       371     -       
0       -       480     -       -       -       
ucionica19
        PON     UTO     SRI     CET     PET
0       -       -       3       -       -       
0       -       -       466     -       229     
0       -       -       -       122     -       
0       -       -       501     -       -       
0       -       -       -       334     -       
0       398     -       288     462     -       
0       -       491     91      -       521     
0       444     -       -       -       434     
0       -       -       -       60      598     
