ucionica0
        PON     UTO     SRI     CET     PET
0       -       176     -       -       -       
0       -       -       -       70      -       
0       131     -       -       -       -       
0       -       26      -       165     -       
0       -       -       -       -       -       
0       18      -       -       -       -       
0       79      -       132     -       76      
0       -       -       125     -       -       
0       -       -       149     -       29      
ucionica1
        PON     UTO     SRI     CET     PET
0       7       185     -       77      139     
0       -       -       33      -       -       
0       -       134     86      -       98      
0       106     -       -       100     -       
0       27      46      4       128     166     
0       16      -       103     105     56      
0       -       87      49      199     68      
0       88      112     32      3       141     
0       15      -       -       -       -       
ucionica2
        PON     UTO     SRI     CET     PET
0       19      65      122     0       196     
0       13      40      -       108     -       
0       127     28      155     154     -       
0       83      -       129     146     74      
0       169     -       -       42      -       
0       119     80      -       93      -       
0       -       183     -       -       -       
0       -       -       145     -       82      
0       30      -       36      -       -       
ucionica3
        PON     UTO     SRI     CET     PET
0       -       -       -       -       -       
0       -       -       -       -       -       
0       -       -       -       -       -       
0       -       -       -       -       120     
0       111     -       -       -       -       
0       -       -       -       -       -       
0       -       11      -       -       -       
0       -       136     -       -       -       
0       -       -       -       -       -       
ucionica4
        PON     UTO     SRI     CET     PET
0       -       137     59      -       -       
0       -       -       104     53      72      
0       1       121     124     -       161     
0       -       -       143     -       -       
0       58      114     -       -       -       
0       -       -       107     126     66      
0       90      96      23      71      -       
0       -       -       -       20      -       
0       -       171     -       45      -       
ucionica5
        PON     UTO     SRI     CET     PET
0       -       -       -       99      -       
0       115     -       186     -       -       
0       -       -       -       -       78      
0       -       -       102     -       48      
0       -       60      -       -       9       
0       -       43      -       -       -       
0       50      -       142     -       197     
0       -       -       -       -       140     
0       -       -       -       -       41      
ucionica6
        PON     UTO     SRI     CET     PET
0       -       -       -       167     158     
0       -       -       -       -       188     
0       -       -       -       174     179     
0       12      -       -       -       195     
0       -       189     191     172     178     
0       -       -       -       -       110     
0       61      -       57      130     52      
0       194     -       -       5       -       
0       21      37      -       144     92      
ucionica7
        PON     UTO     SRI     CET     PET
0       -       -       22      -       6       
0       -       91      135     192     -       
0       -       190     -       -       -       
0       -       160     -       55      -       
0       138     -       -       164     -       
0       -       -       123     -       -       
0       -       -       -       -       -       
0       193     -       -       -       170     
0       -       -       187     -       -       
ucionica8
        PON     UTO     SRI     CET     PET
0       -       -       -       -       -       
0       34      159     -       -       -       
0       75      -       94      -       -       
0       -       -       -       -       -       
0       -       -       -       -       -       
0       -       151     -       -       -       
0       -       -       -       51      -       
0       -       -       -       -       -       
0       -       -       -       -       152     
ucionica9
        PON     UTO     SRI     CET     PET
0       31      -       163     85      -       
0       -       17      -       -       2       
0       -       -       -       180     69      
0       157     -       -       -       -       
0       -       25      168     -       116     
0       24      -       -       181     -       
0       -       -       -       -       -       
0       -       198     -       -       -       
0       -       -       -       118     184     
