ucionica0
        PON     UTO     SRI     CET     PET
0       102     -       219     26      -       
0       -       134     113     353     392     
0       100     181     166     283     376     
0       304     327     121     82      -       
0       12      266     355     -       8       
0       196     -       269     135     241     
0       59      -       291     36      372     
0       117     -       17      336     78      
0       -       -       247     297     257     
ucionica1
        PON     UTO     SRI     CET     PET
0       41      24      274     264     195     
0       86      88      324     311     263     
0       37      109     245     89      125     
0       252     110     367     354     111     
0       67      214     201     277     309     
0       300     152     230     371     284     
0       368     160     198     386     2       
0       83      144     224     -       317     
0       40      64      315     338     189     
ucionica2
        PON     UTO     SRI     CET     PET
0       98      106     322     -       -       
0       -       142     399     -       -       
0       -       115     185     378     -       
0       -       97      151     5       -       
0       325     180     -       312     167     
0       27      145     231     349     361     
0       42      351     329     154     -       
0       94      234     191     114     -       
0       -       207     -       -       -       
ucionica3
        PON     UTO     SRI     CET     PET
0       93      -       395     -       -       
0       -       -       -       -       -       
0       192     -       260     206     -       
0       316     293     16      -       356     
0       92      394     157     -       -       
0       91      190     136     318     138     
0       -       299     359     -       147     
0       290     150     339     197     99      
0       -       331     232     381     -       
ucionica4
        PON     UTO     SRI     CET     PET
0       112     183     -       -       287     
0       -       162     143     179     -       
0       -       314     -       -       -       
0       208     379     391     123     -       
0       306     -       -       -       -       
0       390     -       -       -       -       
0       -       -       103     333     47      
0       95      6       57      -       -       
0       -       164     -       -       -       
ucionica5
        PON     UTO     SRI     CET     PET
0       -       -       -       -       -       
0       -       -       -       -       -       
0       -       -       -       -       -       
0       -       -       108     -       -       
0       -       -       -       -       -       
0       -       330     -       -       -       
0       -       -       -       -       -       
0       45      -       -       -       348     
0       -       -       -       -       -       
ucionica6
        PON     UTO     SRI     CET     PET
0       265     -       68      -       -       
0       -       -       177     -       -       
0       -       220     11      -       -       
0       -       -       -       -       -       
0       303     -       -       -       -       
0       -       362     -       -       -       
0       365     -       -       -       -       
0       -       -       -       -       176     
0       -       -       -       -       -       
ucionica7
        PON     UTO     SRI     CET     PET
0       -       -       -       168     163     
0       200     -       -       347     -       
0       156     -       79      210     398     
0       -       -       -       -       -       
0       -       202     296     60      -       
0       -       -       -       39      35      
0       -       -       -       -       350     
0       187     49      -       -       141     
0       357     -       -       -       -       
ucionica8
        PON     UTO     SRI     CET     PET
0       -       313     -       -       32      
0       -       -       -       228     -       
0       -       -       -       -       272     
0       46      -       -       159     352     
0       385     -       -       -       -       
0       -       -       375     -       -       
0       -       -       -       122     -       
0       -       80      -       -       -       
0       342     21      254     -       43      
ucionica9
        PON     UTO     SRI     CET     PET
0       225     -       -       -       -       
0       -       -       -       -       -       
0       -       -       -       66      -       
0       -       -       -       -       -       
0       -       61      -       -       344     
0       243     -       -       55      -       
0       107     -       -       -       169     
0       262     276     -       69      -       
0       -       23      -       -       58      
ucionica10
        PON     UTO     SRI     CET     PET
0       -       -       -       -       332     
0       105     -       65      -       -       
0       -       0       -       -       360     
0       -       -       -       -       298     
0       -       341     280     -       -       
0       366     9       -       345     -       
0       -       -       -       -       118     
0       -       -       133     -       285     
0       -       -       -       -       -       
ucionica11
        PON     UTO     SRI     CET     PET
0       25      -       54      132     246     
0       216     3       130     222     -       
0       -       227     -       346     340     
0       52      149     337     -       229     
0       -       -       -       184     173     
0       278     -       178     148     158     
0       397     -       -       -       211     
0       -       -       369     321     286     
0       29      -       -       7       236     
ucionica12
        PON     UTO     SRI     CET     PET
0       -       -       -       -       -       
0       -       -       213     -       -       
0       20      -       387     -       -       
0       -       -       -       -       -       
0       -       380     140     -       217     
0       -       137     -       -       -       
0       -       374     -       -       -       
0       -       -       -       -       -       
0       -       -       51      -       120     
ucionica13
        PON     UTO     SRI     CET     PET
0       270     -       -       -       -       
0       -       -       -       -       -       
0       -       -       323     -       256     
0       -       -       -       -       -       
0       14      19      116     -       -       
0       -       -       -       73      -       
0       319     -       -       -       -       
0       -       4       -       -       -       
0       -       -       -       -       -       
ucionica14
        PON     UTO     SRI     CET     PET
0       -       -       -       -       -       
0       -       31      -       282     273     
0       -       -       358     -       -       
0       72      71      -       85      204     
0       -       -       308     396     -       
0       -       -       -       -       -       
0       292     -       -       307     -       
0       -       96      -       388     -       
0       373     -       30      249     -       
ucionica15
        PON     UTO     SRI     CET     PET
0       -       -       294     -       -       
0       77      233     171     -       -       
0       209     -       -       -       -       
0       -       -       -       -       81      
0       -       -       -       -       -       
0       -       -       -       -       -       
0       53      -       -       -       -       
0       -       -       363     -       -       
0       328     389     48      -       56      
ucionica16
        PON     UTO     SRI     CET     PET
0       -       -       -       271     223     
0       -       -       -       -       364     
0       -       -       -       -       -       
0       -       -       -       -       76      
0       -       -       -       -       161     
0       -       -       126     -       -       
0       28      -       305     44      -       
0       129     87      -       -       -       
0       -       -       -       -       -       
ucionica17
        PON     UTO     SRI     CET     PET
0       -       -       -       -       -       
0       -       -       -       -       -       
0       -       -       -       -       -       
0       -       -       -       -       -       
0       -       -       -       -       -       
0       -       -       -       -       -       
0       -       -       -       -       -       
0       -       -       -       -       -       
0       -       -       -       -       -       
ucionica18
        PON     UTO     SRI     CET     PET
0       -       253     -       -       90      
0       -       -       -       -       165     
0       -       -       -       -       -       
0       -       248     -       -       -       
0       -       -       -       -       -       
0       -       -       -       -       -       
0       15      1       -       -       -       
0       -       -       127     301     -       
0       -       -       -       63      -       
ucionica19
        PON     UTO     SRI     CET     PET
0       -       -       -       -       -       
0       237     -       -       -       -       
0       -       -       -       -       -       
0       -       -       -       -       -       
0       -       -       -       235     261     
0       -       -       -       -       -       
0       -       -       -       -       -       
0       -       -       -       -       -       
0       -       -       -       -       393     
