11 1
10 7
9 2
6 4
21 8
14 1
2 0
3 0
33 9
32 4
13 8
20 1
0 1
19 6
15 4
34 9
4 0
22 6
17 2
6 0
17 1
36 5
24 6
13 1
2 1
13 7
17 8
-1 -1
5 9
30 6
18 1
5 0
19 4
14 9
3 1
33 5
1 0
31 5
11 2
12 7
16 1
-1 -1
12 1
14 0
7 1
23 4
38 8
4 1
-1 -1
26 6
28 5
2 2
8 3
20 9
6 1
9 0
10 0
34 5
8 0
25 8
44 9
24 4
8 1
32 9
26 4
10 3
29 4
35 8
28 4
-1 -1
38 6
43 5
21 1
17 4
30 4
5 7
16 0
35 5
25 4
27 5
11 0
37 8
22 4
15 1
1 1
7 0
20 6
31 9
3 2
23 1
-1 -1
12 0
-1 -1
13 0
22 7
0 0
0 2
39 9
0 3
9 1
