ucionica0
        PON     UTO     SRI     CET     PET
0       29      150     144     405     271     
0       45      304     284     142     367     
0       16      412     553     597     73      
0       98      422     429     388     331     
0       140     449     74      244     4       
0       183     392     174     43      -       
0       88      395     311     89      -       
0       210     400     326     95      -       
0       101     393     575     502     -       
ucionica1
        PON     UTO     SRI     CET     PET
0       50      323     464     265     308     
0       47      166     216     231     344     
0       1       383     584     592     -       
0       34      451     349     87      -       
0       175     278     562     110     -       
0       24      189     313     515     -       
0       221     355     378     172     -       
0       123     506     248     -       -       
0       143     593     361     362     -       
ucionica2
        PON     UTO     SRI     CET     PET
0       54      338     489     149     226     
0       62      359     385     173     268     
0       163     198     510     160     -       
0       179     52      128     372     30      
0       176     492     42      206     552     
0       274     477     281     384     67      
0       208     450     543     100     -       
0       319     82      275     147     -       
0       18      350     178     99      -       
ucionica3
        PON     UTO     SRI     CET     PET
0       23      285     432     156     482     
0       53      139     346     491     201     
0       162     260     364     417     587     
0       55      513     312     441     56      
0       10      421     283     293     299     
0       105     554     573     462     85      
0       199     407     345     375     531     
0       76      200     28      433     -       
0       39      309     404     444     306     
ucionica4
        PON     UTO     SRI     CET     PET
0       138     315     447     196     494     
0       90      261     96      36      474     
0       165     290     415     454     38      
0       191     250     416     402     213     
0       31      414     61      212     495     
0       366     258     369     574     252     
0       272     374     168     582     97      
0       204     214     419     305     534     
0       230     459     486     439     33      
ucionica5
        PON     UTO     SRI     CET     PET
0       445     49      17      262     -       
0       155     41      389     596     -       
0       256     235     126     598     -       
0       225     177     8       -       -       
0       255     286     -       -       -       
0       390     463     119     -       -       
0       333     423     373     -       -       
0       539     292     -       -       -       
0       269     517     93      -       -       
ucionica6
        PON     UTO     SRI     CET     PET
0       317     246     63      456     152     
0       187     136     307     -       75      
0       353     406     287     102     22      
0       294     483     356     511     468     
0       310     588     507     171     -       
0       135     280     113     -       301     
0       512     457     461     498     157     
0       158     302     322     232     448     
0       325     46      170     558     561     
ucionica7
        PON     UTO     SRI     CET     PET
0       403     -       363     -       327     
0       115     151     472     442     -       
0       194     546     -       -       -       
0       471     497     0       218     370     
0       455     215     145     547     396     
0       59      19      182     382     106     
0       590     217     26      -       397     
0       239     -       5       -       578     
0       77      475     242     -       25      
ucionica8
        PON     UTO     SRI     CET     PET
0       195     -       237     -       -       
0       236     -       527     413     409     
0       335     -       -       -       525     
0       57      518     431     -       -       
0       410     -       -       65      536     
0       452     -       -       -       -       
0       64      -       540     -       -       
0       524     184     381     -       -       
0       141     -       70      458     161     
ucionica9
        PON     UTO     SRI     CET     PET
0       86      500     80      -       -       
0       572     340     -       -       -       
0       591     -       -       357     567     
0       318     -       577     -       -       
0       529     -       -       -       559     
0       595     -       -       436     -       
0       -       -       44      -       -       
0       -       -       109     488     519     
0       279     -       -       -       324     
ucionica10
        PON     UTO     SRI     CET     PET
0       273     446     120     159     589     
0       532     426     68      211     530     
0       481     490     295     -       528     
0       418     12      118     -       94      
0       298     -       71      -       -       
0       134     14      581     -       111     
0       245     314     348     267     164     
0       -       438     35      351     -       
0       13      234     336     297     192     
ucionica11
        PON     UTO     SRI     CET     PET
0       -       386     -       470     112     
0       420     37      360     154     476     
0       -       485     493     -       -       
0       300     -       520     132     376     
0       104     -       205     -       -       
0       -       79      -       253     20      
0       -       148     169     137     347     
0       -       599     -       -       263     
0       72      -       328     6       264     
ucionica12
        PON     UTO     SRI     CET     PET
0       550     -       -       342     -       
0       565     -       -       -       -       
0       -       266     -       -       -       
0       -       -       -       -       -       
0       -       -       -       -       -       
0       180     -       -       -       -       
0       -       -       -       -       -       
0       -       -       -       -       -       
0       -       -       -       -       -       
ucionica13
        PON     UTO     SRI     CET     PET
0       220     -       66      -       -       
0       -       394     40      -       7       
0       -       203     -       352     -       
0       117     -       -       9       -       
0       -       425     -       -       329     
0       -       508     321     473     -       
0       -       -       -       193     83      
0       -       -       -       254     -       
0       -       557     -       114     504     
ucionica14
        PON     UTO     SRI     CET     PET
0       -       -       -       15      11      
0       -       -       -       580     -       
0       -       -       -       -       -       
0       209     -       -       -       -       
0       -       -       -       -       -       
0       -       -       -       -       -       
0       -       -       -       -       -       
0       -       -       -       -       -       
0       -       -       -       -       -       
ucionica15
        PON     UTO     SRI     CET     PET
0       -       -       -       -       -       
0       -       427     -       -       -       
0       -       380     -       -       -       
0       -       -       -       -       -       
0       -       -       -       -       -       
0       -       -       -       496     535     
0       -       -       -       -       224     
0       -       207     -       69      -       
0       -       -       -       -       -       
ucionica16
        PON     UTO     SRI     CET     PET
0       -       -       -       -       -       
0       -       -       -       -       -       
0       -       -       -       -       -       
0       -       -       -       -       505     
0       -       -       -       -       -       
0       -       -       -       -       -       
0       -       -       -       -       -       
0       -       -       -       -       -       
0       -       -       -       -       -       
ucionica17
        PON     UTO     SRI     CET     PET
0       -       -       -       -       -       
0       -       -       -       -       -       
0       243     -       -       -       -       
0       -       -       -       -       -       
0       -       -       -       -       -       
0       -       -       -       -       -       
0       -       -       -       27      -       
0       -       -       330     -       -       
0       -       -       -       -       -       
ucionica18
        PON     UTO     SRI     CET     PET
0       -       -       -       -       -       
0       -       -       -       -       -       
0       -       -       -       -       354     
0       -       -       -       -       -       
0       -       -       -       -       -       
0       -       -       -       -       -       
0       -       -       -       467     -       
0       -       -       -       -       291     
0       480     -       -       453     -       
ucionica19
        PON     UTO     SRI     CET     PET
0       -       -       -       -       -       
0       -       -       -       -       -       
0       167     -       -       334     521     
0       223     -       257     -       -       
0       -       -       -       -       -       
0       -       -       487     -       -       
0       -       -       -       -       -       
0       60      -       -       -       -       
0       -       434     -       -       594     
