ucionica0
        PON     UTO     SRI     CET     PET
0       26      176     -       -       -       
0       76      -       -       -       -       
0       131     29      175     -       -       
0       89      148     -       -       -       
0       95      -       -       -       -       
0       18      149     -       -       -       
0       79      -       -       -       -       
0       125     -       -       -       -       
0       70      165     -       -       -       
ucionica1
        PON     UTO     SRI     CET     PET
0       19      185     112     62      10      
0       106     199     81      87      46      
0       128     4       27      141     -       
0       129     49      103     16      -       
0       68      11      57      67      -       
0       136     15      150     105     -       
0       86      98      111     30      -       
0       88      33      63      56      -       
0       3       100     134     7       -       
ucionica2
        PON     UTO     SRI     CET     PET
0       74      65      145     73      -       
0       13      40      127     14      -       
0       183     -       82      -       -       
0       83      -       113     -       -       
0       28      155     122     108     -       
0       120     80      184     -       -       
0       196     169     -       -       -       
0       36      154     -       -       -       
0       0       146     153     -       -       
ucionica3
        PON     UTO     SRI     CET     PET
0       -       -       -       -       -       
0       139     93      -       -       -       
0       -       -       -       -       -       
0       -       -       -       -       -       
0       -       32      -       -       -       
0       -       -       -       -       -       
0       -       -       -       -       -       
0       -       -       -       -       -       
0       42      -       -       -       -       
ucionica4
        PON     UTO     SRI     CET     PET
0       53      137     59      -       171     
0       -       -       156     -       -       
0       1       -       45      104     58      
0       -       -       143     114     -       
0       -       90      -       121     -       
0       23      -       -       -       -       
0       96      71      20      124     -       
0       126     107     -       72      -       
0       117     -       66      161     -       
ucionica5
        PON     UTO     SRI     CET     PET
0       142     177     50      -       -       
0       -       -       -       -       -       
0       -       197     -       -       -       
0       102     -       48      41      99      
0       44      -       9       -       -       
0       132     -       -       78      -       
0       77      -       -       -       133     
0       115     186     60      -       -       
0       35      43      -       140     -       
ucionica6
        PON     UTO     SRI     CET     PET
0       -       158     -       52      -       
0       -       167     130     182     -       
0       -       144     -       12      -       
0       172     101     178     92      -       
0       -       -       -       -       21      
0       -       -       195     -       61      
0       110     47      37      194     -       
0       -       -       174     -       -       
0       5       189     -       188     191     
ucionica7
        PON     UTO     SRI     CET     PET
0       -       -       -       54      187     
0       -       192     138     -       170     
0       -       123     -       -       -       
0       -       -       -       55      -       
0       -       -       164     -       193     
0       -       -       -       -       -       
0       -       -       -       91      -       
0       -       -       6       -       160     
0       147     -       22      -       135     
ucionica8
        PON     UTO     SRI     CET     PET
0       -       -       -       34      -       
0       -       -       -       -       97      
0       75      -       -       -       -       
0       -       -       -       -       -       
0       -       -       -       -       -       
0       -       -       -       -       -       
0       -       51      -       -       -       
0       -       -       -       -       64      
0       -       -       -       -       159     
ucionica9
        PON     UTO     SRI     CET     PET
0       -       -       -       -       -       
0       -       -       -       -       -       
0       -       -       -       -       168     
0       -       -       69      -       85      
0       25      -       -       -       162     
0       -       -       39      -       24      
0       -       -       -       -       -       
0       -       -       -       173     -       
0       -       -       -       -       198     
