ucionica0
        PON     UTO     SRI     CET     PET
0       67      44      -       -       -       
0       85      183     -       -       -       
0       105     -       -       -       -       
0       82      24      -       -       -       
0       75      -       -       -       -       
0       185     -       -       -       -       
0       72      -       -       -       -       
0       126     -       -       -       -       
0       86      -       -       -       -       
ucionica1
        PON     UTO     SRI     CET     PET
0       42      25      174     7       -       
0       113     177     176     28      -       
0       60      146     10      23      -       
0       165     62      101     -       -       
0       88      141     55      -       -       
0       53      171     103     -       -       
0       129     197     87      -       -       
0       107     27      143     -       -       
0       29      121     2       -       -       
ucionica2
        PON     UTO     SRI     CET     PET
0       92      119     -       -       -       
0       122     140     91      33      -       
0       194     164     179     -       -       
0       128     104     160     -       -       
0       50      154     155     -       -       
0       36      199     1       -       -       
0       157     98      95      26      -       
0       4       49      18      -       -       
0       112     168     -       -       -       
ucionica3
        PON     UTO     SRI     CET     PET
0       134     51      148     -       -       
0       66      -       83      -       193     
0       78      178     -       -       -       
0       97      93      -       182     -       
0       38      -       -       65      -       
0       116     59      -       -       -       
0       108     -       -       -       -       
0       131     -       -       -       -       
0       20      19      166     17      -       
ucionica4
        PON     UTO     SRI     CET     PET
0       73      56      -       149     96      
0       162     -       0       -       54      
0       99      120     79      76      161     
0       100     -       48      195     170     
0       110     145     43      152     172     
0       -       111     -       90      118     
0       -       61      -       -       70      
0       -       -       -       139     3       
0       94      124     11      89      114     
ucionica5
        PON     UTO     SRI     CET     PET
0       135     -       40      -       117     
0       156     -       -       46      -       
0       8       180     198     84      -       
0       77      -       125     22      -       
0       -       190     -       -       -       
0       -       5       52      -       188     
0       -       -       31      -       81      
0       -       39      123     -       -       
0       -       -       150     184     -       
ucionica6
        PON     UTO     SRI     CET     PET
0       137     35      -       47      -       
0       -       189     -       -       -       
0       16      163     -       -       -       
0       142     -       175     115     -       
0       -       -       -       -       -       
0       192     -       -       147     106     
0       173     -       -       -       -       
0       -       -       167     -       37      
0       71      30      -       -       74      
ucionica7
        PON     UTO     SRI     CET     PET
0       -       -       144     -       -       
0       -       -       -       -       -       
0       -       -       -       -       -       
0       -       -       -       -       -       
0       -       -       -       -       68      
0       -       -       187     -       -       
0       138     -       -       58      -       
0       136     -       -       -       -       
0       -       6       63      -       -       
ucionica8
        PON     UTO     SRI     CET     PET
0       -       -       -       -       -       
0       -       -       -       -       -       
0       -       -       -       -       -       
0       -       -       -       -       -       
0       -       -       -       -       -       
0       -       -       -       -       -       
0       -       -       -       -       -       
0       -       -       -       -       -       
0       -       -       -       -       -       
ucionica9
        PON     UTO     SRI     CET     PET
0       -       -       -       -       -       
0       -       -       -       -       -       
0       57      -       -       -       -       
0       186     -       -       -       -       
0       -       -       -       -       -       
0       191     -       -       -       -       
0       -       -       -       -       -       
0       -       -       -       -       -       
0       -       -       -       -       196     
