ucionica0
        PON     UTO     SRI     CET     PET
0       72      225     116     -       -       
0       65      200     186     -       -       
0       19      191     172     -       -       
0       75      272     41      -       -       
0       204     8       24      -       -       
0       35      105     -       -       -       
0       108     256     198     -       -       
0       51      143     -       -       -       
0       3       83      -       -       -       
ucionica1
        PON     UTO     SRI     CET     PET
0       74      168     25      18      101     
0       78      36      13      141     55      
0       88      252     42      288     -       
0       121     157     199     66      -       
0       10      258     60      257     -       
0       27      245     107     165     -       
0       210     249     2       171     -       
0       0       163     194     179     -       
0       177     240     47      26      -       
ucionica2
        PON     UTO     SRI     CET     PET
0       134     227     50      92      112     
0       228     1       93      87      -       
0       113     178     84      217     -       
0       106     129     -       285     -       
0       122     271     -       144     -       
0       234     98      244     241     -       
0       229     176     119     218     -       
0       73      291     111     62      -       
0       38      146     17      103     -       
ucionica3
        PON     UTO     SRI     CET     PET
0       96      274     202     222     -       
0       32      154     138     -       -       
0       263     135     -       59      238     
0       56      114     -       -       86      
0       29      211     91      -       -       
0       259     44      -       -       -       
0       270     95      -       162     294     
0       231     -       -       -       -       
0       248     4       128     173     -       
ucionica4
        PON     UTO     SRI     CET     PET
0       215     289     85      -       110     
0       161     145     69      -       118     
0       99      71      -       89      150     
0       82      151     117     267     120     
0       284     223     52      246     100     
0       261     11      -       219     76      
0       46      54      213     -       31      
0       282     212     -       -       208     
0       260     -       149     43      90      
ucionica5
        PON     UTO     SRI     CET     PET
0       189     22      -       61      207     
0       77      115     -       195     -       
0       266     28      158     -       -       
0       276     -       264     201     -       
0       188     -       -       125     124     
0       -       226     253     7       123     
0       203     -       239     -       180     
0       184     -       -       -       -       
0       290     278     137     250     236     
ucionica6
        PON     UTO     SRI     CET     PET
0       183     57      233     -       -       
0       205     242     -       -       -       
0       67      156     -       254     -       
0       296     -       -       81      -       
0       299     -       -       -       -       
0       167     20      169     -       -       
0       220     23      -       21      -       
0       16      97      53      166     30      
0       126     37      193     -       127     
ucionica7
        PON     UTO     SRI     CET     PET
0       131     -       -       132     -       
0       224     -       -       63      45      
0       -       -       9       -       -       
0       -       -       -       -       -       
0       140     -       -       -       159     
0       -       -       -       80      -       
0       -       -       -       -       -       
0       174     -       -       68      -       
0       275     -       -       -       148     
ucionica8
        PON     UTO     SRI     CET     PET
0       243     -       -       -       -       
0       -       -       -       -       -       
0       -       -       -       -       -       
0       -       -       -       -       -       
0       -       -       -       -       -       
0       -       -       -       -       -       
0       -       -       -       -       -       
0       -       -       -       -       -       
0       -       -       -       -       -       
ucionica9
        PON     UTO     SRI     CET     PET
0       -       247     -       -       -       
0       232     -       -       -       -       
0       175     298     -       -       -       
0       268     -       -       -       -       
0       -       -       -       -       -       
0       -       -       -       -       -       
0       192     295     -       -       -       
0       -       142     -       -       -       
0       -       -       -       -       297     
