ucionica0
        PON     UTO     SRI     CET     PET
0       178     -       -       -       -       
0       92      -       -       314     303     
0       87      68      263     -       -       
0       -       356     343     107     -       
0       98      363     -       56      -       
0       -       -       -       -       329     
0       131     208     257     -       382     
0       293     -       372     -       209     
0       -       -       311     138     261     
ucionica1
        PON     UTO     SRI     CET     PET
0       164     -       -       -       28      
0       183     4       -       51      89      
0       325     352     -       96      -       
0       37      321     -       -       -       
0       -       175     265     -       -       
0       -       -       82      -       196     
0       74      -       338     -       140     
0       173     266     301     -       -       
0       239     322     59      -       -       
ucionica2
        PON     UTO     SRI     CET     PET
0       235     14      189     -       -       
0       179     242     -       150     310     
0       217     390     267     -       273     
0       -       336     180     -       -       
0       111     157     276     -       270     
0       85      -       -       57      -       
0       -       -       371     -       -       
0       -       368     375     -       44      
0       10      -       66      -       -       
ucionica3
        PON     UTO     SRI     CET     PET
0       -       -       -       50      -       
0       165     -       181     -       -       
0       -       -       148     117     -       
0       -       -       75      260     -       
0       120     249     -       -       -       
0       -       286     -       -       304     
0       -       218     -       -       88      
0       -       350     -       -       168     
0       -       -       -       -       97      
ucionica4
        PON     UTO     SRI     CET     PET
0       -       -       -       22      -       
0       357     -       -       -       -       
0       31      -       167     -       49      
0       -       -       -       -       391     
0       -       130     -       -       -       
0       52      -       -       -       1       
0       -       -       -       -       -       
0       -       244     -       136     -       
0       -       83      -       -       378     
ucionica5
        PON     UTO     SRI     CET     PET
0       -       8       399     -       -       
0       -       -       143     -       279     
0       -       -       -       12      -       
0       -       -       -       128     -       
0       366     -       -       24      -       
0       -       -       -       -       -       
0       -       114     -       69      -       
0       -       -       -       191     -       
0       15      -       -       -       -       
ucionica6
        PON     UTO     SRI     CET     PET
0       129     -       -       -       253     
0       -       367     330     -       -       
0       42      300     379     283     -       
0       200     -       -       393     -       
0       -       18      -       243     -       
0       46      385     396     7       -       
0       17      -       64      387     -       
0       61      -       -       -       -       
0       -       187     142     -       228     
ucionica7
        PON     UTO     SRI     CET     PET
0       -       -       -       298     258     
0       -       -       -       383     -       
0       124     -       339     -       264     
0       -       395     81      204     -       
0       172     30      -       -       212     
0       -       -       -       13      -       
0       -       262     -       -       -       
0       -       241     159     -       -       
0       201     -       -       -       -       
ucionica8
        PON     UTO     SRI     CET     PET
0       -       -       -       323     360     
0       -       326     271     -       259     
0       -       348     -       -       374     
0       55      -       123     -       207     
0       104     268     21      -       251     
0       106     -       254     -       70      
0       -       233     -       -       358     
0       246     -       -       -       -       
0       -       290     -       -       -       
ucionica9
        PON     UTO     SRI     CET     PET
0       365     319     -       -       -       
0       232     182     77      -       -       
0       346     -       285     -       -       
0       151     -       377     -       288     
0       158     -       -       -       103     
0       -       -       134     220     370     
0       127     224     -       240     -       
0       0       -       -       -       -       
0       -       -       -       274     -       
ucionica10
        PON     UTO     SRI     CET     PET
0       -       190     26      135     -       
0       -       112     -       25      -       
0       -       110     349     176     -       
0       -       -       -       397     226     
0       119     -       -       316     192     
0       -       -       -       -       -       
0       -       -       216     174     35      
0       62      -       -       -       345     
0       -       255     269     203     -       
ucionica11
        PON     UTO     SRI     CET     PET
0       -       -       -       -       -       
0       -       -       -       -       177     
0       -       -       -       -       -       
0       -       -       -       -       -       
0       -       -       -       287     -       
0       -       -       -       -       -       
0       -       -       -       48      -       
0       -       -       272     230     394     
0       -       -       -       -       -       
ucionica12
        PON     UTO     SRI     CET     PET
0       -       -       -       -       -       
0       -       -       -       -       -       
0       -       -       -       -       -       
0       -       -       -       -       -       
0       -       -       354     -       -       
0       -       -       -       -       -       
0       -       -       -       -       -       
0       -       -       -       -       -       
0       -       -       -       -       -       
ucionica13
        PON     UTO     SRI     CET     PET
0       332     153     132     313     -       
0       126     369     331     16      333     
0       -       154     198     11      -       
0       76      115     -       102     116     
0       6       -       -       -       -       
0       33      210     94      -       -       
0       47      36      -       219     -       
0       95      337     -       -       -       
0       43      359     -       -       156     
ucionica14
        PON     UTO     SRI     CET     PET
0       -       101     236     -       -       
0       -       -       -       -       -       
0       -       105     -       -       -       
0       147     -       294     -       -       
0       -       -       297     45      -       
0       3       234     -       -       -       
0       -       -       328     292     -       
0       -       166     381     -       -       
0       389     -       -       -       -       
ucionica15
        PON     UTO     SRI     CET     PET
0       -       256     215     -       -       
0       -       -       -       -       -       
0       32      -       -       121     -       
0       -       -       245     223     -       
0       -       -       -       -       -       
0       -       -       -       -       -       
0       -       -       205     -       -       
0       -       -       384     67      -       
0       41      -       -       -       -       
ucionica16
        PON     UTO     SRI     CET     PET
0       146     -       -       376     -       
0       -       -       -       -       -       
0       -       -       -       -       -       
0       -       34      -       -       86      
0       -       -       -       -       -       
0       71      222     -       361     -       
0       -       9       -       324     40      
0       -       -       335     -       -       
0       170     -       -       -       -       
ucionica17
        PON     UTO     SRI     CET     PET
0       237     -       334     -       -       
0       -       -       -       -       277     
0       60      -       -       -       -       
0       -       84      -       -       -       
0       184     -       171     312     280     
0       -       118     -       -       122     
0       -       -       -       -       65      
0       -       -       -       344     398     
0       -       -       -       108     392     
ucionica18
        PON     UTO     SRI     CET     PET
0       250     281     -       109     -       
0       -       -       302     252     -       
0       -       -       -       -       -       
0       289     291     -       -       -       
0       -       -       -       -       -       
0       144     90      -       -       -       
0       163     -       -       -       -       
0       195     309     162     -       -       
0       -       -       -       -       307     
ucionica19
        PON     UTO     SRI     CET     PET
0       161     -       295     -       231     
0       -       -       58      -       149     
0       -       -       -       80      79      
0       -       -       93      -       188     
0       -       -       -       -       318     
0       2       -       -       327     -       
0       341     238     317     -       -       
0       139     -       -       347     -       
0       -       373     275     -       388     
