ucionica0
        PON     UTO     SRI     CET     PET
0       0       85      189     306     352     
0       1       94      213     322     370     
0       12      89      232     337     381     
0       5       107     246     323     392     
0       21      123     262     325     395     
0       32      126     282     341     -       
0       50      163     274     329     -       
0       65      171     278     340     -       
0       80      183     301     346     -       
ucionica1
        PON     UTO     SRI     CET     PET
0       22      253     242     310     353     
0       31      124     309     190     -       
0       17      121     169     338     -       
0       51      156     265     266     396     
0       60      127     285     -       -       
0       23      137     241     342     -       
0       76      84      290     -       -       
0       26      149     195     -       -       
0       97      178     314     -       -       
ucionica2
        PON     UTO     SRI     CET     PET
0       25      318     -       -       -       
0       157     -       -       -       -       
0       130     -       -       -       -       
0       144     -       -       -       -       
0       240     -       -       -       -       
0       333     -       -       -       -       
0       117     351     -       -       -       
0       187     -       -       -       -       
0       -       -       -       -       -       
ucionica3
        PON     UTO     SRI     CET     PET
0       38      356     361     -       -       
0       78      305     226     -       -       
0       14      207     -       -       199     
0       66      132     -       -       -       
0       90      147     398     -       -       
0       96      129     119     -       380     
0       368     235     102     -       -       
0       44      339     303     367     -       
0       134     239     -       -       -       
ucionica4
        PON     UTO     SRI     CET     PET
0       100     47      45      216     165     
0       49      230     -       231     140     
0       159     7       288     300     -       
0       8       57      87      390     -       
0       260     -       233     289     324     
0       -       393     182     -       243     
0       -       -       186     43      302     
0       70      217     297     374     307     
0       33      37      -       327     332     
ucionica5
        PON     UTO     SRI     CET     PET
0       30      -       185     -       223     
0       227     293     -       -       -       
0       313     -       -       -       -       
0       192     292     160     106     146     
0       -       201     82      -       -       
0       -       54      -       67      -       
0       -       -       221     -       -       
0       -       -       -       -       -       
0       283     -       225     394     205     
ucionica6
        PON     UTO     SRI     CET     PET
0       29      -       -       -       -       
0       -       -       -       77      -       
0       268     -       161     -       28      
0       -       -       -       -       -       
0       -       -       -       34      -       
0       247     -       -       -       -       
0       -       -       -       -       95      
0       -       198     -       -       330     
0       257     -       68      -       -       
ucionica7
        PON     UTO     SRI     CET     PET
0       143     298     71      270     -       
0       384     63      286     -       311     
0       244     -       -       -       181     
0       202     9       -       -       -       
0       180     -       -       -       -       
0       358     152     -       166     -       
0       -       -       -       280     315     
0       294     -       -       -       -       
0       -       -       -       373     -       
ucionica8
        PON     UTO     SRI     CET     PET
0       -       133     389     256     -       
0       -       -       -       -       -       
0       -       -       -       296     -       
0       -       -       212     -       148     
0       2       -       -       -       -       
0       -       -       291     -       -       
0       -       -       -       387     91      
0       -       -       -       101     -       
0       -       -       142     287     -       
ucionica9
        PON     UTO     SRI     CET     PET
0       109     -       -       -       -       
0       259     -       -       -       277     
0       -       -       -       -       -       
0       36      -       -       276     -       
0       -       -       -       -       74      
0       -       -       -       -       -       
0       -       -       -       -       -       
0       -       98      -       -       -       
0       -       275     -       -       267     
ucionica10
        PON     UTO     SRI     CET     PET
0       222     -       188     -       41      
0       -       88      365     -       -       
0       3       -       -       -       -       
0       354     250     -       -       -       
0       -       -       -       258     -       
0       -       -       -       -       -       
0       -       193     -       -       108     
0       -       -       -       -       69      
0       320     -       -       122     -       
ucionica11
        PON     UTO     SRI     CET     PET
0       386     -       -       168     -       
0       -       -       357     -       -       
0       -       -       -       -       -       
0       -       -       -       210     52      
0       99      372     -       -       -       
0       -       366     -       -       -       
0       -       284     -       -       -       
0       -       -       -       -       -       
0       -       173     -       -       -       
ucionica12
        PON     UTO     SRI     CET     PET
0       -       -       -       -       -       
0       321     -       -       -       -       
0       359     -       -       208     -       
0       -       -       -       -       -       
0       10      -       -       -       -       
0       369     -       -       385     319     
0       -       -       -       -       -       
0       -       -       -       -       138     
0       -       111     -       -       -       
ucionica13
        PON     UTO     SRI     CET     PET
0       -       -       -       -       -       
0       -       -       -       -       -       
0       -       -       -       -       -       
0       -       261     184     -       -       
0       -       203     -       -       -       
0       -       -       -       -       -       
0       -       -       -       -       -       
0       -       -       -       -       -       
0       -       -       -       -       -       
ucionica14
        PON     UTO     SRI     CET     PET
0       -       -       -       -       -       
0       -       -       -       -       -       
0       120     177     -       360     -       
0       -       -       -       -       -       
0       131     -       -       -       -       
0       -       -       -       -       -       
0       -       -       -       -       -       
0       -       -       -       -       -       
0       -       -       -       -       -       
ucionica15
        PON     UTO     SRI     CET     PET
0       -       167     -       -       -       
0       -       -       -       -       -       
0       -       86      175     -       -       
0       -       -       13      -       -       
0       317     -       -       -       347     
0       -       -       -       -       -       
0       335     -       -       -       -       
0       -       -       -       179     -       
0       -       -       -       -       -       
ucionica16
        PON     UTO     SRI     CET     PET
0       264     145     -       -       -       
0       59      -       -       -       -       
0       349     376     110     -       -       
0       18      272     -       -       -       
0       92      371     -       -       -       
0       104     -       -       -       -       
0       55      -       -       -       -       
0       237     -       -       -       -       
0       -       -       -       -       -       
ucionica17
        PON     UTO     SRI     CET     PET
0       -       -       -       -       -       
0       -       -       -       -       -       
0       -       -       -       -       -       
0       -       -       -       -       -       
0       -       -       -       -       -       
0       -       -       -       -       -       
0       -       -       -       -       135     
0       -       344     -       -       -       
0       -       -       -       -       -       
ucionica18
        PON     UTO     SRI     CET     PET
0       -       -       -       -       -       
0       115     -       -       -       -       
0       -       -       -       -       255     
0       -       -       -       -       -       
0       -       -       -       -       -       
0       -       -       -       -       -       
0       228     -       -       -       397     
0       -       -       -       -       355     
0       -       19      345     -       -       
ucionica19
        PON     UTO     SRI     CET     PET
0       197     -       -       -       -       
0       -       -       -       -       -       
0       -       -       64      -       -       
0       -       -       -       -       -       
0       -       -       -       -       -       
0       -       -       -       -       -       
0       -       -       -       -       -       
0       -       -       -       -       -       
0       -       -       -       -       399     
