ucionica0
        PON     UTO     SRI     CET     PET
0       5       61      145     261     -       
0       11      49      158     264     -       
0       26      55      159     276     -       
0       10      71      225     337     -       
0       36      70      197     275     -       
0       20      81      230     266     -       
0       28      92      232     351     -       
0       41      79      245     383     -       
0       18      115     258     340     -       
ucionica1
        PON     UTO     SRI     CET     PET
0       13      317     -       -       -       
0       35      -       -       -       -       
0       39      369     -       -       -       
0       136     247     -       -       -       
0       128     -       -       -       -       
0       200     -       -       -       -       
0       89      -       -       -       -       
0       114     -       -       -       -       
0       50      288     -       -       -       
ucionica2
        PON     UTO     SRI     CET     PET
0       23      123     215     305     363     
0       32      58      209     300     -       
0       37      107     216     306     -       
0       53      155     222     278     -       
0       59      122     270     338     -       
0       43      167     273     389     -       
0       69      176     280     376     -       
0       106     178     267     386     -       
0       48      191     292     -       -       
ucionica3
        PON     UTO     SRI     CET     PET
0       9       68      214     291     212     
0       14      93      121     323     294     
0       57      140     47      350     365     
0       27      193     224     344     220     
0       34      109     151     274     -       
0       31      135     242     301     385     
0       103     166     289     309     -       
0       82      91      284     364     -       
0       63      97      210     361     -       
ucionica4
        PON     UTO     SRI     CET     PET
0       25      153     171     373     327     
0       83      100     181     331     387     
0       60      213     233     -       205     
0       45      203     117     -       252     
0       88      90      202     342     368     
0       72      208     -       -       -       
0       104     189     296     12      -       
0       110     235     219     204     -       
0       98      187     299     73      -       
ucionica5
        PON     UTO     SRI     CET     PET
0       315     217     384     -       -       
0       263     311     378     377     -       
0       67      237     -       -       -       
0       118     325     268     -       -       
0       302     148     -       -       -       
0       132     332     -       -       -       
0       186     354     -       -       -       
0       150     295     -       -       -       
0       152     192     -       -       -       
ucionica6
        PON     UTO     SRI     CET     PET
0       54      297     298     -       -       
0       169     143     279     -       -       
0       116     -       -       -       -       
0       139     228     95      -       102     
0       66      282     -       -       -       
0       249     320     326     -       -       
0       112     -       353     -       394     
0       154     38      392     -       198     
0       120     -       -       -       157     
ucionica7
        PON     UTO     SRI     CET     PET
0       185     -       380     -       -       
0       16      125     307     -       238     
0       -       -       4       126     156     
0       190     382     236     -       -       
0       366     2       286     -       165     
0       22      -       75      -       259     
0       -       180     21      -       96      
0       341     272     44      318     241     
0       133     105     328     375     319     
ucionica8
        PON     UTO     SRI     CET     PET
0       -       358     -       -       269     
0       161     310     391     -       277     
0       162     321     -       52      374     
0       19      381     124     6       -       
0       138     -       163     271     77      
0       285     -       231     313     84      
0       172     -       56      -       229     
0       243     -       -       -       33      
0       62      335     314     51      393     
ucionica9
        PON     UTO     SRI     CET     PET
0       -       -       -       -       -       
0       -       -       -       -       -       
0       -       -       -       -       -       
0       -       -       -       -       -       
0       -       -       -       -       -       
0       -       -       -       -       -       
0       -       -       -       -       -       
0       -       -       -       -       -       
0       336     -       -       -       -       
ucionica10
        PON     UTO     SRI     CET     PET
0       207     -       -       246     -       
0       3       316     -       -       -       
0       -       -       -       149     170     
0       395     -       -       -       -       
0       194     255     -       -       131     
0       -       -       -       -       199     
0       -       -       -       -       -       
0       -       -       -       -       -       
0       397     144     -       196     -       
ucionica11
        PON     UTO     SRI     CET     PET
0       357     -       -       146     -       
0       -       -       -       -       250     
0       -       -       -       -       -       
0       -       -       -       -       -       
0       -       -       -       -       108     
0       -       -       -       -       -       
0       -       -       -       -       -       
0       -       -       -       -       -       
0       -       -       -       -       -       
ucionica12
        PON     UTO     SRI     CET     PET
0       29      -       -       -       -       
0       333     -       -       0       -       
0       239     -       -       -       -       
0       260     -       -       -       308     
0       179     -       362     244     -       
0       -       -       -       -       -       
0       223     -       -       334     -       
0       -       -       -       -       262     
0       137     -       -       398     -       
ucionica13
        PON     UTO     SRI     CET     PET
0       -       -       -       -       -       
0       64      -       -       85      -       
0       76      -       -       -       -       
0       -       -       329     -       -       
0       -       -       -       -       -       
0       -       -       -       226     -       
0       177     -       -       -       -       
0       -       -       87      -       322     
0       -       -       -       -       -       
ucionica14
        PON     UTO     SRI     CET     PET
0       -       -       -       -       -       
0       -       -       -       -       -       
0       -       1       -       -       -       
0       -       -       -       -       -       
0       -       -       -       -       -       
0       -       -       -       -       -       
0       -       -       -       -       -       
0       -       -       -       -       -       
0       -       -       -       -       17      
ucionica15
        PON     UTO     SRI     CET     PET
0       -       -       -       -       -       
0       -       -       -       -       -       
0       -       -       -       -       -       
0       399     -       -       119     -       
0       -       -       -       -       -       
0       -       -       -       -       -       
0       -       -       -       -       -       
0       -       -       -       -       -       
0       -       -       -       -       -       
ucionica16
        PON     UTO     SRI     CET     PET
0       -       -       -       -       -       
0       -       -       -       -       -       
0       -       -       -       -       -       
0       -       -       -       -       -       
0       -       -       -       -       -       
0       -       -       -       -       -       
0       -       -       -       -       -       
0       -       -       -       -       -       
0       -       -       -       -       -       
ucionica17
        PON     UTO     SRI     CET     PET
0       -       -       265     -       -       
0       -       -       -       -       -       
0       -       173     -       130     -       
0       -       -       -       -       -       
0       349     -       -       -       -       
0       -       -       -       -       -       
0       -       -       -       -       -       
0       -       -       -       94      -       
0       -       -       -       -       30      
ucionica18
        PON     UTO     SRI     CET     PET
0       -       -       -       -       -       
0       -       346     -       -       182     
0       -       -       -       -       293     
0       -       -       -       -       -       
0       -       -       -       -       -       
0       -       -       -       -       -       
0       -       -       -       -       -       
0       -       -       -       -       -       
0       -       -       -       -       -       
ucionica19
        PON     UTO     SRI     CET     PET
0       -       -       -       -       348     
0       -       -       -       -       -       
0       -       -       -       -       -       
0       360     -       -       -       -       
0       -       -       142     -       -       
0       -       345     -       -       -       
0       -       201     -       -       -       
0       -       -       -       -       -       
0       -       -       -       8       396     
