ucionica0
        PON     UTO     SRI     CET     PET
0       -       -       -       -       -       
0       -       -       132     -       -       
0       -       -       -       -       70      
0       131     -       -       -       44      
0       95      -       165     -       -       
0       -       149     -       -       -       
0       76      101     -       -       -       
0       -       -       29      79      -       
0       18      26      176     -       -       
ucionica1
        PON     UTO     SRI     CET     PET
0       -       185     86      57      134     
0       4       -       -       3       112     
0       -       68      -       141     103     
0       42      105     129     93      98      
0       -       -       16      -       49      
0       -       128     67      120     -       
0       -       19      65      166     56      
0       106     199     63      27      15      
0       33      139     136     7       150     
ucionica2
        PON     UTO     SRI     CET     PET
0       13      -       -       82      -       
0       74      -       36      -       -       
0       -       127     40      -       -       
0       -       -       100     73      153     
0       108     -       155     113     -       
0       83      28      -       183     -       
0       -       154     -       -       -       
0       88      14      -       0       -       
0       -       80      145     122     169     
ucionica3
        PON     UTO     SRI     CET     PET
0       -       -       -       111     -       
0       -       -       -       -       -       
0       -       -       -       -       -       
0       -       -       -       -       -       
0       -       -       -       -       -       
0       -       -       -       -       -       
0       -       11      -       -       -       
0       -       -       -       35      -       
0       -       -       -       -       -       
ucionica4
        PON     UTO     SRI     CET     PET
0       124     59      161     -       66      
0       23      -       45      -       -       
0       1       -       53      107     -       
0       156     -       72      -       -       
0       171     -       114     121     20      
0       143     -       -       90      -       
0       -       -       -       58      -       
0       -       126     -       96      -       
0       -       117     -       -       71      
ucionica5
        PON     UTO     SRI     CET     PET
0       102     -       -       142     -       
0       -       78      -       -       -       
0       -       -       186     -       -       
0       77      -       -       41      -       
0       -       9       197     -       -       
0       -       -       43      48      60      
0       -       -       -       -       133     
0       115     -       -       -       -       
0       148     -       50      140     -       
ucionica6
        PON     UTO     SRI     CET     PET
0       -       179     92      81      -       
0       -       -       -       110     188     
0       52      144     -       -       -       
0       12      130     -       -       5       
0       54      194     -       -       37      
0       172     178     -       -       189     
0       -       -       167     -       -       
0       -       191     174     -       21      
0       -       158     -       195     -       
ucionica7
        PON     UTO     SRI     CET     PET
0       -       -       -       138     -       
0       -       22      -       -       -       
0       -       164     -       -       187     
0       -       -       -       -       -       
0       -       91      55      135     160     
0       -       -       -       -       -       
0       170     -       193     123     192     
0       -       -       6       -       190     
0       -       -       -       -       -       
ucionica8
        PON     UTO     SRI     CET     PET
0       -       -       -       30      -       
0       159     -       -       -       -       
0       75      -       -       64      -       
0       -       97      -       -       -       
0       -       -       -       104     -       
0       -       -       34      -       -       
0       -       -       38      -       -       
0       -       51      -       196     -       
0       151     -       -       -       -       
ucionica9
        PON     UTO     SRI     CET     PET
0       -       -       -       -       -       
0       168     69      116     163     -       
0       -       25      17      118     173     
0       85      180     -       -       31      
0       -       181     -       -       157     
0       -       -       2       -       8       
0       198     -       -       -       -       
0       -       -       -       -       -       
0       -       -       -       39      184     
