ucionica0
        PON     UTO     SRI     CET     PET
0       21      119     278     409     275     
0       33      493     11      378     87      
0       13      93      173     263     462     
0       10      231     230     355     67      
0       8       177     400     145     304     
0       204     346     131     51      232     
0       95      478     483     432     84      
0       283     252     458     465     385     
0       323     336     322     332     377     
ucionica1
        PON     UTO     SRI     CET     PET
0       217     425     -       408     424     
0       254     42      128     80      370     
0       36      222     -       156     69      
0       124     44      399     105     260     
0       48      276     396     68      16      
0       438     488     214     164     455     
0       316     132     393     342     259     
0       47      349     315     227     166     
0       390     469     327     317     482     
ucionica2
        PON     UTO     SRI     CET     PET
0       209     329     361     210     407     
0       40      -       445     292     490     
0       169     289     325     78      485     
0       130     175     158     310     383     
0       113     339     99      75      45      
0       338     215     62      34      341     
0       443     229     46      480     431     
0       153     353     191     467     497     
0       -       333     -       262     -       
ucionica3
        PON     UTO     SRI     CET     PET
0       420     126     148     487     71      
0       6       441     103     15      411     
0       54      296     107     178     417     
0       288     55      433     149     334     
0       314     159     364     340     348     
0       176     -       303     305     183     
0       179     298     251     142     157     
0       456     392     496     92      442     
0       27      235     -       376     -       
ucionica4
        PON     UTO     SRI     CET     PET
0       162     109     122     -       86      
0       427     121     213     256     446     
0       120     171     -       14      25      
0       450     279     435     395     452     
0       365     -       200     290     -       
0       85      -       242     74      206     
0       82      384     26      188     35      
0       196     0       344     146     64      
0       -       143     -       -       65      
ucionica5
        PON     UTO     SRI     CET     PET
0       387     112     -       479     335     
0       -       -       -       406     321     
0       237     274     -       -       436     
0       -       -       -       -       369     
0       180     66      423     -       -       
0       280     -       -       81      282     
0       -       70      -       359     216     
0       -       -       91      198     -       
0       -       -       257     -       -       
ucionica6
        PON     UTO     SRI     CET     PET
0       106     -       203     114     -       
0       94      -       437     -       313     
0       -       -       241     -       223     
0       457     49      -       -       -       
0       240     -       4       -       352     
0       165     421     -       221     324     
0       -       375     -       -       -       
0       90      118     170     151     -       
0       -       201     -       77      373     
ucionica7
        PON     UTO     SRI     CET     PET
0       115     -       -       245     428     
0       155     287     253     451     -       
0       31      117     -       -       277     
0       -       410     43      127     -       
0       150     -       163     190     -       
0       -       76      444     319     -       
0       199     -       249     -       -       
0       -       -       189     -       -       
0       5       52      -       402     -       
ucionica8
        PON     UTO     SRI     CET     PET
0       357     345     326     -       20      
0       236     140     300     368     244     
0       -       271     -       -       -       
0       -       -       247     123     225     
0       -       57      89      -       144     
0       386     330     495     466     -       
0       -       -       -       -       -       
0       389     205     -       -       -       
0       439     187     472     -       -       
ucionica9
        PON     UTO     SRI     CET     PET
0       447     197     50      98      116     
0       -       309     -       308     -       
0       -       -       -       246     22      
0       -       -       363     491     -       
0       297     453     266     167     39      
0       -       168     136     218     -       
0       -       -       3       58      318     
0       -       489     134     -       139     
0       41      -       79      -       -       
ucionica10
        PON     UTO     SRI     CET     PET
0       366     261     -       129     360     
0       367     228     -       -       -       
0       422     101     -       391     302     
0       380     468     -       449     -       
0       211     -       224     102     186     
0       23      258     72      248     362     
0       -       475     401     312     -       
0       147     -       -       -       464     
0       -       -       212     226     108     
ucionica11
        PON     UTO     SRI     CET     PET
0       -       -       -       -       -       
0       1       -       403     -       -       
0       -       154     -       404     -       
0       -       -       -       -       -       
0       -       -       285     -       -       
0       -       -       358     -       -       
0       474     -       -       -       -       
0       -       306     284     -       60      
0       -       -       -       -       -       
ucionica12
        PON     UTO     SRI     CET     PET
0       -       294     -       -       -       
0       -       -       -       -       -       
0       -       -       -       -       -       
0       -       -       -       -       -       
0       -       -       -       -       -       
0       -       -       -       -       -       
0       -       -       -       -       -       
0       -       -       -       -       -       
0       -       -       -       -       -       
ucionica13
        PON     UTO     SRI     CET     PET
0       -       -       -       -       -       
0       -       181     -       -       -       
0       -       -       -       -       -       
0       -       -       -       -       -       
0       -       -       -       -       -       
0       -       -       -       -       -       
0       -       -       -       -       -       
0       -       -       -       -       -       
0       -       -       -       -       -       
ucionica14
        PON     UTO     SRI     CET     PET
0       -       -       -       -       -       
0       220     -       -       -       -       
0       -       -       418     -       -       
0       -       -       -       -       -       
0       -       -       -       -       -       
0       -       -       -       -       -       
0       -       -       -       -       -       
0       311     -       -       -       -       
0       -       234     -       -       -       
ucionica15
        PON     UTO     SRI     CET     PET
0       -       -       -       -       -       
0       -       -       -       -       -       
0       -       -       -       -       -       
0       -       -       -       -       -       
0       -       -       -       -       -       
0       -       -       -       -       -       
0       -       -       -       -       -       
0       -       -       -       -       -       
0       -       -       -       -       -       
ucionica16
        PON     UTO     SRI     CET     PET
0       -       -       -       -       -       
0       -       184     -       160     -       
0       -       -       382     -       381     
0       -       -       273     -       -       
0       -       440     -       -       -       
0       -       -       -       281     -       
0       -       -       -       -       430     
0       -       -       -       -       350     
0       -       -       141     -       172     
ucionica17
        PON     UTO     SRI     CET     PET
0       -       -       -       476     -       
0       -       -       343     -       -       
0       30      -       412     484     -       
0       -       371     29      -       356     
0       -       337     -       -       264     
0       61      -       195     -       -       
0       388     398     -       460     -       
0       492     -       286     -       486     
0       9       -       -       -       416     
ucionica18
        PON     UTO     SRI     CET     PET
0       -       299     53      -       -       
0       -       -       -       97      -       
0       454     88      100     -       -       
0       -       -       -       471     182     
0       434     -       185     125     301     
0       -       -       -       -       -       
0       -       -       -       18      -       
0       -       193     -       38      -       
0       -       -       -       -       -       
ucionica19
        PON     UTO     SRI     CET     PET
0       -       -       -       -       -       
0       -       -       -       -       -       
0       -       -       -       -       -       
0       -       -       -       -       -       
0       -       -       -       -       -       
0       -       -       -       -       -       
0       -       -       -       -       -       
0       -       -       -       -       -       
0       -       -       -       -       499     
