ucionica0
        PON     UTO     SRI     CET     PET
0       51      345     199     222     250     
0       265     57      165     291     340     
0       39      106     55      364     205     
0       85      148     62      248     357     
0       130     225     227     377     306     
0       18      16      321     350     -       
0       327     94      389     235     75      
0       124     79      178     233     316     
0       31      266     237     253     43      
ucionica1
        PON     UTO     SRI     CET     PET
0       42      268     11      63      275     
0       30      101     149     276     110     
0       89      114     181     54      352     
0       0       262     363     332     40      
0       58      229     170     294     346     
0       378     370     249     334     185     
0       20      60      241     365     191     
0       113     367     215     128     287     
0       376     117     104     98      336     
ucionica2
        PON     UTO     SRI     CET     PET
0       134     358     226     258     322     
0       399     382     152     183     353     
0       48      280     52      289     202     
0       176     96      348     256     5       
0       385     283     -       194     129     
0       189     231     390     82      108     
0       278     341     160     282     125     
0       91      368     -       375     255     
0       8       -       371     372     47      
ucionica3
        PON     UTO     SRI     CET     PET
0       209     383     -       173     223     
0       -       6       140     1       164     
0       159     -       132     186     155     
0       374     -       -       -       -       
0       351     -       177     -       -       
0       -       -       -       56      -       
0       381     162     328     310     2       
0       -       347     -       -       290     
0       -       65      -       -       80      
ucionica4
        PON     UTO     SRI     CET     PET
0       156     -       257     -       -       
0       29      61      221     86      74      
0       -       14      -       337     145     
0       64      68      238     180     296     
0       -       397     -       354     307     
0       284     27      -       326     272     
0       309     384     251     300     72      
0       232     78      49      163     137     
0       13      295     -       333     -       
ucionica5
        PON     UTO     SRI     CET     PET
0       37      252     144     -       -       
0       379     -       -       71      -       
0       -       -       -       -       312     
0       -       7       -       301     -       
0       21      -       293     -       201     
0       -       -       -       206     -       
0       -       -       214     339     -       
0       -       -       -       -       76      
0       -       269     313     122     -       
ucionica6
        PON     UTO     SRI     CET     PET
0       -       344     -       387     171     
0       -       236     -       -       247     
0       -       -       219     259     95      
0       343     198     70      281     261     
0       -       391     115     3       -       
0       182     388     228     -       395     
0       216     -       204     -       311     
0       -       -       335     398     -       
0       32      151     -       -       -       
ucionica7
        PON     UTO     SRI     CET     PET
0       84      392     -       -       -       
0       -       -       -       -       -       
0       -       -       -       -       -       
0       -       -       -       -       286     
0       -       -       -       -       99      
0       -       -       -       208     -       
0       -       153     -       -       -       
0       -       -       -       25      308     
0       -       -       -       118     380     
ucionica8
        PON     UTO     SRI     CET     PET
0       324     -       192     319     168     
0       123     -       -       -       -       
0       81      112     305     -       -       
0       -       100     329     143     147     
0       167     -       46      -       -       
0       317     270     -       230     10      
0       59      184     139     -       325     
0       38      -       362     193     -       
0       190     302     136     -       120     
ucionica9
        PON     UTO     SRI     CET     PET
0       188     19      366     146     318     
0       141     -       187     218     -       
0       97      303     274     -       -       
0       126     -       207     -       234     
0       -       102     267     -       50      
0       41      87      217     -       338     
0       105     -       243     172     -       
0       28      175     -       -       44      
0       -       -       179     197     396     
