ucionica0
        PON     UTO     SRI     CET     PET
0       104     157     242     177     97      
0       25      19      255     260     379     
0       225     143     304     364     0       
0       13      192     324     288     185     
0       139     209     -       263     145     
0       274     91      -       323     392     
0       340     108     229     377     211     
0       131     391     135     238     256     
0       95      111     366     244     281     
ucionica1
        PON     UTO     SRI     CET     PET
0       27      -       381     387     397     
0       360     339     169     222     245     
0       15      -       399     358     105     
0       197     -       86      115     320     
0       83      88      257     199     382     
0       367     121     365     107     279     
0       390     1       370     -       10      
0       113     -       -       179     396     
0       -       101     119     174     141     
ucionica2
        PON     UTO     SRI     CET     PET
0       -       -       156     -       249     
0       333     329     259     47      98      
0       -       227     142     62      16      
0       -       4       112     215     176     
0       42      24      394     336     23      
0       36      -       310     -       38      
0       50      171     230     303     -       
0       321     217     231     -       87      
0       -       64      328     -       308     
ucionica3
        PON     UTO     SRI     CET     PET
0       126     -       128     -       361     
0       -       -       -       398     65      
0       76      -       261     152     17      
0       93      246     243     -       59      
0       66      51      -       -       369     
0       53      12      -       306     -       
0       233     -       272     -       94      
0       -       -       252     -       116     
0       -       -       -       -       -       
ucionica4
        PON     UTO     SRI     CET     PET
0       286     -       315     159     149     
0       118     337     120     31      -       
0       218     54      69      -       114     
0       223     73      193     11      172     
0       32      195     100     349     201     
0       344     162     110     335     -       
0       384     151     284     -       28      
0       -       343     331     96      168     
0       99      89      -       297     311     
ucionica5
        PON     UTO     SRI     CET     PET
0       5       61      165     180     183     
0       -       302     188     235     359     
0       74      46      378     -       150     
0       133     287     173     316     134     
0       124     70      239     22      155     
0       355     216     207     8       40      
0       190     280     181     291     278     
0       52      342     -       158     125     
0       137     250     33      264     184     
ucionica6
        PON     UTO     SRI     CET     PET
0       266     170     373     75      163     
0       251     296     198     294     20      
0       375     346     376     254     18      
0       338     29      160     37      224     
0       352     313     267     -       371     
0       167     -       166     362     347     
0       383     258     322     253     305     
0       189     161     30      351     191     
0       312     200     213     41      21      
ucionica7
        PON     UTO     SRI     CET     PET
0       345     9       219     -       -       
0       -       -       -       153     130     
0       148     357     45      -       196     
0       -       92      34      269     -       
0       341     -       214     353     43      
0       334     6       164     14      350     
0       -       -       48      221     63      
0       -       144     290     109     187     
0       356     -       58      277     -       
ucionica8
        PON     UTO     SRI     CET     PET
0       81      147     -       206     -       
0       -       368     -       -       -       
0       332     -       -       -       -       
0       -       240     138     71      -       
0       -       44      56      -       282     
0       -       -       -       -       237     
0       -       -       -       374     -       
0       -       106     -       -       -       
0       -       330     -       39      -       
ucionica9
        PON     UTO     SRI     CET     PET
0       -       -       -       -       -       
0       140     77      -       -       -       
0       -       -       -       -       -       
0       268     -       102     35      -       
0       -       -       -       -       385     
0       -       -       -       -       -       
0       -       -       -       -       -       
0       -       348     -       386     -       
0       -       -       -       -       395     
