ucionica0
        PON     UTO     SRI     CET     PET
0       68      56      -       -       209     
0       98      372     -       -       -       
0       178     -       -       -       107     
0       -       -       208     257     284     
0       164     -       356     314     -       
0       87      -       382     386     -       
0       -       -       -       -       138     
0       131     293     311     263     -       
0       -       -       363     308     -       
ucionica1
        PON     UTO     SRI     CET     PET
0       352     301     59      -       51      
0       -       -       265     183     -       
0       325     -       82      89      -       
0       -       -       -       28      -       
0       74      -       -       321     299     
0       -       -       354     -       -       
0       37      -       -       -       329     
0       -       173     196     322     96      
0       175     -       -       140     239     
ucionica2
        PON     UTO     SRI     CET     PET
0       338     14      390     -       375     
0       179     235     336     -       -       
0       10      157     -       -       54      
0       -       189     276     -       202     
0       -       368     -       180     57      
0       270     242     217     93      -       
0       111     -       371     -       -       
0       -       -       267     -       -       
0       23      85      150     342     310     
ucionica3
        PON     UTO     SRI     CET     PET
0       75      120     -       -       -       
0       304     88      117     -       -       
0       343     -       -       -       -       
0       -       249     -       -       -       
0       -       90      50      -       260     
0       -       -       168     -       97      
0       -       286     -       148     145     
0       218     -       -       -       -       
0       -       350     -       -       181     
ucionica4
        PON     UTO     SRI     CET     PET
0       -       -       167     -       136     
0       -       -       -       -       -       
0       52      -       -       -       -       
0       -       -       -       -       49      
0       4       364     -       -       -       
0       -       31      22      -       1       
0       244     -       -       -       -       
0       -       266     -       -       391     
0       -       -       -       357     -       
ucionica5
        PON     UTO     SRI     CET     PET
0       -       -       399     -       -       
0       -       -       -       -       -       
0       -       -       -       -       -       
0       -       15      -       -       38      
0       24      -       69      -       -       
0       -       -       -       8       366     
0       -       143     12      128     -       
0       -       114     -       -       -       
0       -       -       -       -       191     
ucionica6
        PON     UTO     SRI     CET     PET
0       142     -       -       -       -       
0       -       -       200     396     -       
0       283     -       -       187     -       
0       42      -       -       253     -       
0       129     -       -       393     -       
0       -       -       -       -       -       
0       387     -       -       243     17      
0       385     18      379     -       330     
0       7       300     -       64      228     
ucionica7
        PON     UTO     SRI     CET     PET
0       172     13      296     264     -       
0       -       159     -       201     -       
0       124     -       -       298     204     
0       30      -       395     -       -       
0       262     -       -       -       -       
0       -       241     -       81      -       
0       -       383     -       339     -       
0       -       -       -       212     258     
0       -       -       -       -       -       
ucionica8
        PON     UTO     SRI     CET     PET
0       123     -       -       -       -       
0       -       246     -       -       207     
0       268     348     233     355     -       
0       323     -       -       -       374     
0       -       326     254     -       -       
0       21      -       -       -       -       
0       290     271     -       259     -       
0       106     -       70      -       360     
0       104     -       -       251     358     
ucionica9
        PON     UTO     SRI     CET     PET
0       -       -       -       -       152     
0       232     -       0       -       -       
0       365     224     285     134     220     
0       151     240     319     -       -       
0       -       -       346     274     103     
0       77      127     -       288     -       
0       -       -       -       -       -       
0       158     182     -       -       -       
0       -       370     -       -       -       
ucionica10
        PON     UTO     SRI     CET     PET
0       112     -       269     203     -       
0       -       -       -       345     -       
0       216     119     -       135     397     
0       -       26      -       -       -       
0       -       -       192     -       -       
0       316     -       -       -       -       
0       46      62      -       278     174     
0       110     -       349     226     176     
0       -       255     190     25      35      
ucionica11
        PON     UTO     SRI     CET     PET
0       -       -       -       287     230     
0       -       -       -       -       -       
0       -       -       -       -       48      
0       -       -       -       -       -       
0       -       -       -       -       272     
0       -       -       -       -       -       
0       -       -       394     -       -       
0       -       -       -       -       -       
0       -       155     -       -       -       
ucionica12
        PON     UTO     SRI     CET     PET
0       -       -       -       -       -       
0       -       -       -       -       -       
0       -       -       -       -       -       
0       -       -       -       -       -       
0       -       -       -       -       -       
0       -       -       -       -       -       
0       -       -       -       -       -       
0       -       -       -       -       -       
0       -       -       -       -       -       
ucionica13
        PON     UTO     SRI     CET     PET
0       95      369     6       -       -       
0       115     337     219     94      313     
0       -       -       29      359     -       
0       102     -       34      84      -       
0       16      210     -       -       116     
0       33      154     153     333     -       
0       76      36      132     198     -       
0       331     11      -       47      -       
0       -       39      -       -       -       
ucionica14
        PON     UTO     SRI     CET     PET
0       105     297     -       45      -       
0       147     -       -       -       -       
0       3       166     -       -       -       
0       -       -       292     -       389     
0       -       234     -       -       -       
0       -       381     101     -       -       
0       -       -       328     -       -       
0       -       61      -       -       -       
0       -       306     294     -       -       
ucionica15
        PON     UTO     SRI     CET     PET
0       -       205     -       -       32      
0       -       78      384     -       121     
0       -       -       -       -       -       
0       -       -       67      -       -       
0       -       -       -       -       -       
0       245     223     -       -       -       
0       -       215     194     -       256     
0       -       -       -       -       -       
0       -       -       -       -       -       
ucionica16
        PON     UTO     SRI     CET     PET
0       -       -       -       -       -       
0       -       -       -       71      -       
0       -       -       -       -       -       
0       170     -       40      125     -       
0       146     -       -       -       -       
0       -       -       361     376     335     
0       -       -       86      -       -       
0       9       222     -       324     -       
0       -       -       -       -       -       
ucionica17
        PON     UTO     SRI     CET     PET
0       184     -       -       312     -       
0       -       60      118     108     398     
0       -       -       -       -       -       
0       -       334     -       280     65      
0       -       -       237     -       -       
0       -       -       -       -       -       
0       -       -       -       277     -       
0       -       -       171     122     -       
0       -       -       -       -       -       
ucionica18
        PON     UTO     SRI     CET     PET
0       -       -       -       -       -       
0       250     -       -       -       307     
0       -       281     195     -       -       
0       72      289     291     -       -       
0       -       309     109     -       -       
0       162     -       -       -       -       
0       -       163     302     -       -       
0       -       -       133     -       -       
0       -       -       -       -       -       
ucionica19
        PON     UTO     SRI     CET     PET
0       -       317     161     -       -       
0       -       -       238     -       -       
0       -       2       318     -       295     
0       327     44      -       -       188     
0       -       -       -       373     149     
0       58      -       -       -       231     
0       139     -       -       -       -       
0       275     -       -       347     80      
0       -       -       -       -       392     
