ucionica0
        PON     UTO     SRI     CET     PET
0       -       -       186     220     275     
0       77      -       272     24      -       
0       71      -       -       97      -       
0       19      296     205     232     299     
0       200     -       225     8       263     
0       -       192     -       -       233     
0       204     20      -       -       172     
0       175     -       67      -       23      
0       -       -       41      -       -       
ucionica1
        PON     UTO     SRI     CET     PET
0       134     78      -       222     154     
0       -       121     25      210     4       
0       74      -       10      141     101     
0       168     56      13      60      42      
0       258     88      -       -       18      
0       -       271     75      199     179     
0       240     0       36      231     244     
0       73      107     157     249     194     
0       -       255     257     146     176     
ucionica2
        PON     UTO     SRI     CET     PET
0       234     138     227     178     92      
0       -       171     1       62      165     
0       -       -       38      -       -       
0       122     229     245     50      228     
0       113     -       -       -       224     
0       217     241     -       47      -       
0       -       72      177     -       -       
0       252     -       129     -       26      
0       -       -       98      -       291     
ucionica3
        PON     UTO     SRI     CET     PET
0       96      66      152     282     -       
0       32      -       83      -       114     
0       91      248     -       -       -       
0       108     131     -       29      -       
0       162     -       211     -       59      
0       -       126     -       -       -       
0       -       105     -       202     -       
0       95      128     260     85      -       
0       -       294     -       238     -       
ucionica4
        PON     UTO     SRI     CET     PET
0       135     11      270     -       267     
0       274     -       -       117     43      
0       104     215     54      130     212     
0       -       -       208     90      31      
0       284     46      69      264     242     
0       100     118     289     246     79      
0       145     -       213     -       188     
0       -       150     149     219     -       
0       52      120     286     -       -       
ucionica5
        PON     UTO     SRI     CET     PET
0       137     61      207     180     28      
0       124     7       216     115     201     
0       279     5       278     158     239     
0       -       -       89      287     280     
0       49      281     133     102     15      
0       190     57      76      -       123     
0       -       22      -       70      253     
0       147     195     -       273     -       
0       265     226     235     39      262     
ucionica6
        PON     UTO     SRI     CET     PET
0       189     35      -       298     -       
0       -       184     37      -       51      
0       -       182     12      -       30      
0       166     283     -       82      -       
0       173     236     -       183     21      
0       -       -       170     156     143     
0       53      -       167     209     -       
0       -       -       -       163     169     
0       -       -       -       127     142     
ucionica7
        PON     UTO     SRI     CET     PET
0       132     -       -       -       -       
0       181     -       -       -       -       
0       34      68      -       221     -       
0       -       -       -       -       -       
0       80      9       -       148     -       
0       159     110     214     58      136     
0       -       64      14      196     293     
0       -       6       -       -       -       
0       99      164     45      -       292     
ucionica8
        PON     UTO     SRI     CET     PET
0       266     -       -       -       -       
0       -       -       -       -       -       
0       -       -       -       -       81      
0       -       -       -       -       -       
0       -       -       -       -       -       
0       -       -       -       -       -       
0       -       -       -       -       -       
0       -       -       -       -       -       
0       -       -       -       -       -       
ucionica9
        PON     UTO     SRI     CET     PET
0       -       295     -       -       -       
0       -       16      -       -       -       
0       -       -       -       -       -       
0       -       198     -       -       -       
0       -       -       -       203     -       
0       -       -       -       -       -       
0       -       -       -       -       -       
0       -       -       -       -       -       
0       -       -       -       -       297     
