ucionica0
        PON     UTO     SRI     CET     PET
0       263     131     142     225     93      
0       372     352     294     387     274     
0       241     398     379     95      19      
0       75      72      191     128     369     
0       351     285     268     -       108     
0       53      389     271     235     226     
0       260     377     20      362     384     
0       300     192     397     222     288     
0       236     261     162     242     154     
ucionica1
        PON     UTO     SRI     CET     PET
0       146     344     141     168     365     
0       383     83      304     358     394     
0       15      255     143     202     10      
0       309     47      339     27      367     
0       121     360     197     2       57      
0       390     399     395     375     67      
0       381     189     174     0       396     
0       107     281     229     325     91      
0       178     55      220     51      382     
ucionica2
        PON     UTO     SRI     CET     PET
0       13      364     98      199     249     
0       50      227     26      238     179     
0       38      169     247     217     336     
0       36      231     321     328     1       
0       139     310     -       171     62      
0       303     116     333     119     112     
0       113     314     97      42      392     
0       301     323     129     -       320     
0       103     210     329     279     87      
ucionica3
        PON     UTO     SRI     CET     PET
0       66      338     115     308     388     
0       340     -       361     244     391     
0       -       156     306     -       65      
0       24      209     -       104     370     
0       -       78      111     -       272     
0       -       149     16      152     233     
0       64      246     -       363     380     
0       -       126     324     256     76      
0       286     -       135     -       145     
ucionica4
        PON     UTO     SRI     CET     PET
0       69      289     122     331     114     
0       315     172     343     290     317     
0       118     54      84      -       3       
0       161     284     100     159     337     
0       32      59      89      214     262     
0       96      132     73      334     -       
0       259     110     212     157     335     
0       11      201     219     124     223     
0       250     43      218     -       195     
ucionica5
        PON     UTO     SRI     CET     PET
0       123     240     117     8       280     
0       330     151     181     137     49      
0       22      5       273     234     133     
0       287     147     258     46      239     
0       70      40      81      207     188     
0       74      302     7       264     29      
0       33      150     276     184     125     
0       342     173     190     166     378     
0       61      28      180     347     -       
ucionica6
        PON     UTO     SRI     CET     PET
0       366     313     167     12      158     
0       170     35      278     296     140     
0       253     -       198     305     385     
0       120     254     193     183     30      
0       251     252     319     102     318     
0       21      177     182     185     326     
0       17      291     200     283     94      
0       127     52      267     248     18      
0       163     316     374     237     37      
ucionica7
        PON     UTO     SRI     CET     PET
0       164     9       359     221     109     
0       356     45      265     -       354     
0       349     311     58      341     208     
0       14      92      357     -       353     
0       204     6       345     80      34      
0       130     269     148     350     -       
0       307     144     136     277     48      
0       79      153     -       196     297     
0       155     4       293     292     187     
ucionica8
        PON     UTO     SRI     CET     PET
0       86      106     -       270     -       
0       243     -       -       44      -       
0       -       -       211     -       39      
0       216     -       -       -       -       
0       368     282     -       -       71      
0       355     -       -       -       206     
0       82      -       224     -       -       
0       -       134     -       -       332     
0       -       -       -       -       -       
ucionica9
        PON     UTO     SRI     CET     PET
0       215     393     299     266     298     
0       41      -       -       386     275     
0       348     -       -       -       213     
0       -       -       -       232     -       
0       186     138     -       -       -       
0       295     -       -       -       205     
0       -       -       -       -       376     
0       77      -       373     -       371     
0       -       -       -       -       346     
