ucionica0
        PON     UTO     SRI     CET     PET
0       56      243     210     168     128     
0       13      17      75      14      227     
0       93      45      47      133     339     
0       1       98      323     5       251     
0       51      97      314     186     350     
0       31      144     331     174     366     
0       42      25      120     169     184     
0       101     189     34      135     109     
0       172     311     149     330     390     
ucionica1
        PON     UTO     SRI     CET     PET
0       372     363     117     326     -       
0       399     100     102     370     218     
0       122     260     32      383     142     
0       364     177     358     178     111     
0       183     -       -       28      258     
0       57      362     211     -       219     
0       3       123     349     230     327     
0       209     205     305     104     71      
0       312     -       200     182     389     
ucionica2
        PON     UTO     SRI     CET     PET
0       7       268     279     129     387     
0       355     249     220     -       207     
0       131     -       265     371     148     
0       22      -       246     77      321     
0       282     240     121     277     377     
0       161     141     -       -       292     
0       253     191     -       85      165     
0       216     276     -       324     379     
0       299     53      214     153     70      
ucionica3
        PON     UTO     SRI     CET     PET
0       0       233     36      337     -       
0       90      67      202     361     2       
0       381     291     16      294     -       
0       54      359     261     345     283     
0       66      -       -       308     204     
0       213     286     -       134     39      
0       374     108     -       346     106     
0       62      393     223     222     384     
0       136     -       -       391     302     
ucionica4
        PON     UTO     SRI     CET     PET
0       336     -       -       -       -       
0       19      280     269     -       -       
0       -       -       -       64      -       
0       -       -       298     -       -       
0       -       -       -       173     -       
0       274     -       -       -       -       
0       -       -       -       225     180     
0       241     -       -       82      264     
0       -       -       -       334     -       
ucionica5
        PON     UTO     SRI     CET     PET
0       -       -       -       344     37      
0       -       -       -       -       -       
0       300     -       55      33      208     
0       -       -       127     -       -       
0       -       23      76      357     27      
0       -       181     -       288     -       
0       -       215     -       -       319     
0       -       228     -       -       -       
0       187     386     -       -       -       
ucionica6
        PON     UTO     SRI     CET     PET
0       -       -       -       -       -       
0       -       -       -       -       -       
0       -       -       -       -       -       
0       -       -       289     -       -       
0       -       -       -       -       -       
0       -       -       -       -       -       
0       -       -       -       -       297     
0       -       -       -       -       -       
0       -       -       -       -       -       
ucionica7
        PON     UTO     SRI     CET     PET
0       -       -       -       395     -       
0       -       -       254     145     325     
0       263     -       -       -       -       
0       -       -       -       -       -       
0       -       -       -       -       -       
0       -       -       -       158     -       
0       -       -       -       -       -       
0       272     164     83      -       -       
0       -       -       -       -       250     
ucionica8
        PON     UTO     SRI     CET     PET
0       -       378     -       -       -       
0       -       -       -       -       -       
0       -       317     237     -       -       
0       -       -       -       -       -       
0       80      -       290     -       340     
0       281     95      -       365     166     
0       338     -       140     -       -       
0       266     -       154     316     -       
0       -       -       -       267     41      
ucionica9
        PON     UTO     SRI     CET     PET
0       -       110     139     212     -       
0       49      9       328     -       -       
0       -       352     313     -       232     
0       -       81      160     -       -       
0       -       60      -       -       -       
0       -       -       124     -       333     
0       221     287     -       10      4       
0       -       -       329     -       206     
0       341     12      -       -       -       
ucionica10
        PON     UTO     SRI     CET     PET
0       -       -       -       -       -       
0       -       -       -       -       -       
0       -       -       -       -       -       
0       -       -       -       -       -       
0       -       -       -       -       -       
0       -       -       -       -       -       
0       -       -       -       -       -       
0       -       -       -       -       -       
0       -       -       -       -       -       
ucionica11
        PON     UTO     SRI     CET     PET
0       -       46      -       175     73      
0       -       163     -       242     -       
0       255     -       394     58      92      
0       -       130     125     295     343     
0       171     375     275     -       61      
0       118     382     78      322     306     
0       -       385     -       29      388     
0       196     244     -       43      -       
0       38      398     119     157     96      
ucionica12
        PON     UTO     SRI     CET     PET
0       -       247     -       -       192     
0       -       -       -       -       -       
0       -       -       -       -       -       
0       -       -       -       -       -       
0       248     -       -       -       194     
0       -       -       -       -       -       
0       -       -       -       -       -       
0       -       -       -       -       -       
0       -       309     -       -       -       
ucionica13
        PON     UTO     SRI     CET     PET
0       -       -       195     -       -       
0       -       342     -       203     -       
0       -       -       -       236     -       
0       231     -       89      -       -       
0       -       -       -       271     -       
0       -       -       -       -       -       
0       -       -       -       -       -       
0       -       -       -       143     -       
0       354     -       -       -       -       
ucionica14
        PON     UTO     SRI     CET     PET
0       -       -       -       -       -       
0       -       -       -       -       -       
0       -       -       -       -       -       
0       -       -       -       -       -       
0       -       -       -       -       -       
0       -       -       -       -       -       
0       -       -       -       -       -       
0       -       -       -       -       -       
0       -       -       -       -       -       
ucionica15
        PON     UTO     SRI     CET     PET
0       8       -       -       -       88      
0       301     -       -       197     347     
0       103     -       -       20      -       
0       18      -       -       -       307     
0       44      310     -       -       -       
0       -       -       -       -       -       
0       -       224     320     -       -       
0       -       -       -       -       -       
0       -       -       -       -       -       
ucionica16
        PON     UTO     SRI     CET     PET
0       284     -       -       -       -       
0       167     -       -       -       -       
0       -       -       -       -       -       
0       356     -       -       -       -       
0       -       -       87      -       278     
0       -       -       -       -       -       
0       -       -       -       -       193     
0       69      -       -       -       199     
0       -       -       -       -       239     
ucionica17
        PON     UTO     SRI     CET     PET
0       -       -       -       52      -       
0       -       -       -       -       -       
0       -       116     -       -       373     
0       -       238     -       -       -       
0       -       369     -       -       -       
0       -       -       315     -       -       
0       -       262     188     -       -       
0       -       -       190     -       -       
0       -       -       -       201     -       
ucionica18
        PON     UTO     SRI     CET     PET
0       -       -       -       -       113     
0       -       -       -       -       -       
0       -       -       -       -       -       
0       -       -       -       -       -       
0       -       -       -       -       -       
0       -       -       -       -       -       
0       -       -       -       152     -       
0       -       -       -       -       -       
0       -       -       -       -       -       
ucionica19
        PON     UTO     SRI     CET     PET
0       -       68      257     -       -       
0       -       159     368     -       -       
0       -       -       -       -       -       
0       -       -       -       -       -       
0       -       -       -       -       -       
0       -       -       79      -       -       
0       94      -       -       -       -       
0       -       -       226     -       -       
0       -       -       -       -       397     
