ucionica0
        PON     UTO     SRI     CET     PET
0       98      284     -       372     311     
0       -       338     356     -       -       
0       -       56      261     382     303     
0       178     208     -       386     -       
0       164     -       363     107     209     
0       293     68      -       263     138     
0       131     -       -       -       329     
0       87      -       -       257     -       
0       -       -       -       -       -       
ucionica1
        PON     UTO     SRI     CET     PET
0       -       4       -       -       -       
0       -       352     301     -       89      
0       74      -       -       -       -       
0       183     -       -       -       299     
0       266     354     51      -       140     
0       173     -       -       322     -       
0       37      -       28      196     -       
0       325     82      -       96      239     
0       175     -       -       59      -       
ucionica2
        PON     UTO     SRI     CET     PET
0       85      217     371     202     -       
0       111     -       336     276     23      
0       -       157     -       93      54      
0       10      189     270     -       -       
0       235     267     -       -       273     
0       14      242     -       -       -       
0       179     390     375     -       -       
0       -       -       368     343     44      
0       -       -       -       -       57      
ucionica3
        PON     UTO     SRI     CET     PET
0       -       120     88      75      -       
0       -       117     314     -       -       
0       286     -       -       -       -       
0       -       218     -       260     304     
0       181     -       -       -       -       
0       -       -       97      350     -       
0       -       -       -       148     168     
0       -       249     -       -       -       
0       -       -       -       -       -       
ucionica4
        PON     UTO     SRI     CET     PET
0       -       52      -       -       1       
0       -       -       -       -       310     
0       -       -       167     -       -       
0       22      -       244     -       -       
0       -       -       -       357     378     
0       -       180     -       31      -       
0       -       -       -       -       -       
0       -       -       -       136     -       
0       364     -       -       -       49      
ucionica5
        PON     UTO     SRI     CET     PET
0       -       -       -       -       -       
0       12      -       -       -       143     
0       -       -       114     -       -       
0       -       399     -       279     -       
0       -       -       -       -       -       
0       -       -       8       -       -       
0       -       -       -       -       -       
0       128     -       -       -       -       
0       -       -       -       69      -       
ucionica6
        PON     UTO     SRI     CET     PET
0       -       200     -       243     -       
0       332     -       -       -       142     
0       387     300     -       -       -       
0       42      18      -       -       -       
0       129     -       -       64      -       
0       -       385     393     7       -       
0       -       -       61      -       17      
0       -       -       396     253     330     
0       -       -       187     46      -       
ucionica7
        PON     UTO     SRI     CET     PET
0       241     383     -       -       212     
0       351     30      -       -       -       
0       172     -       -       81      264     
0       -       262     -       -       -       
0       -       395     204     -       -       
0       -       -       -       -       339     
0       296     258     159     -       -       
0       124     298     13      201     -       
0       -       -       -       -       -       
ucionica8
        PON     UTO     SRI     CET     PET
0       104     -       259     -       -       
0       106     290     -       -       -       
0       -       348     -       -       -       
0       268     -       70      -       -       
0       -       326     225     207     254     
0       -       123     246     -       -       
0       -       233     -       -       374     
0       355     -       -       -       360     
0       -       323     -       358     21      
ucionica9
        PON     UTO     SRI     CET     PET
0       158     -       182     -       -       
0       -       -       240     370     -       
0       -       134     -       -       103     
0       365     -       0       -       -       
0       151     -       -       -       152     
0       319     77      -       -       274     
0       346     -       -       -       -       
0       232     -       285     377     220     
0       -       -       288     -       224     
ucionica10
        PON     UTO     SRI     CET     PET
0       278     -       62      -       176     
0       -       269     316     -       -       
0       -       -       203     -       397     
0       216     -       -       35      112     
0       -       -       25      -       135     
0       214     -       -       345     -       
0       26      226     -       349     174     
0       -       190     -       -       -       
0       -       -       -       192     -       
ucionica11
        PON     UTO     SRI     CET     PET
0       -       -       -       -       -       
0       272     -       -       -       -       
0       -       -       -       -       -       
0       -       287     230     -       -       
0       -       -       -       -       -       
0       247     -       -       -       -       
0       -       -       -       48      -       
0       394     -       -       -       -       
0       -       -       388     -       155     
ucionica12
        PON     UTO     SRI     CET     PET
0       -       321     -       -       -       
0       -       -       -       -       -       
0       -       -       -       -       -       
0       -       -       -       -       -       
0       -       -       -       -       -       
0       -       -       -       -       -       
0       265     -       -       -       -       
0       -       -       -       -       -       
0       -       -       -       -       -       
ucionica13
        PON     UTO     SRI     CET     PET
0       -       -       210     219     125     
0       76      102     -       33      94      
0       36      154     198     -       -       
0       -       16      -       313     -       
0       331     -       115     153     -       
0       95      11      132     -       -       
0       -       47      -       156     333     
0       359     337     6       84      -       
0       29      369     169     -       -       
ucionica14
        PON     UTO     SRI     CET     PET
0       166     -       45      294     -       
0       147     -       -       -       -       
0       229     105     -       306     -       
0       234     236     -       297     -       
0       -       328     -       379     -       
0       -       -       -       -       -       
0       -       -       381     -       -       
0       3       -       -       -       -       
0       101     292     -       -       -       
ucionica15
        PON     UTO     SRI     CET     PET
0       -       -       215     -       -       
0       -       -       245     223     -       
0       -       27      -       -       -       
0       -       -       -       -       -       
0       -       -       -       205     -       
0       -       -       -       -       67      
0       -       -       -       -       256     
0       41      -       32      -       -       
0       -       -       -       -       -       
ucionica16
        PON     UTO     SRI     CET     PET
0       -       361     -       -       -       
0       -       -       -       71      40      
0       -       -       -       -       -       
0       -       34      -       376     335     
0       146     -       -       -       -       
0       170     -       86      -       -       
0       -       -       -       -       141     
0       197     222     -       324     -       
0       -       116     -       -       -       
ucionica17
        PON     UTO     SRI     CET     PET
0       184     -       312     -       -       
0       -       271     -       171     -       
0       -       -       108     118     122     
0       277     -       237     280     -       
0       -       -       -       398     -       
0       -       -       -       -       -       
0       -       -       -       334     65      
0       60      -       -       -       -       
0       344     -       -       -       392     
ucionica18
        PON     UTO     SRI     CET     PET
0       -       90      -       -       -       
0       -       -       -       252     109     
0       353     -       309     -       -       
0       -       -       302     -       250     
0       133     144     -       -       -       
0       -       289     -       -       -       
0       -       195     -       291     -       
0       -       281     162     -       -       
0       163     -       -       307     -       
ucionica19
        PON     UTO     SRI     CET     PET
0       -       -       -       -       -       
0       315     -       -       -       -       
0       275     -       -       -       295     
0       161     2       -       -       373     
0       -       -       341     318     -       
0       -       -       347     58      -       
0       139     -       149     231     -       
0       238     317     188     327     -       
0       -       -       -       80      391     
