ucionica0
        PON     UTO     SRI     CET     PET
0       21      115     283     194     67      
0       33      128     399     378     91      
0       13      345     278     150     344     
0       10      387     144     105     409     
0       204     314     332     376     322     
0       8       87      479     131     269     
0       191     51      46      338     64      
0       232     389     153     465     446     
0       177     483     346     400     84      
ucionica1
        PON     UTO     SRI     CET     PET
0       436     116     288     461     16      
0       390     240     315     393     210     
0       252     425     305     316     70      
0       124     165     259     24      171     
0       363     34      280     217     -       
0       148     438     254     377     424     
0       95      231     279     68      222     
0       47      406     215     164     123     
0       274     319     260     482     317     
ucionica2
        PON     UTO     SRI     CET     PET
0       112     158     48      63      166     
0       169     361     241     455     431     
0       119     11      62      156     485     
0       -       433     209     423     189     
0       126     99      196     251     352     
0       306     342     467     26      383     
0       243     336     329     81      127     
0       132     488     478     443     224     
0       289     7       310     135     379     
ucionica3
        PON     UTO     SRI     CET     PET
0       149     296     97      157     103     
0       40      414     440     496     143     
0       130     185     235     334     370     
0       27      355     175     142     430     
0       80      71      173     281     487     
0       107     179     221     364     192     
0       176     303     442     200     183     
0       325     230     456     341     15      
0       159     208     333     214     445     
ucionica4
        PON     UTO     SRI     CET     PET
0       25      384     427     489     3       
0       462     19      55      490     359     
0       420     497     85      327     290     
0       -       -       45      -       452     
0       435     318     -       32      146     
0       407     365     74      109     206     
0       304     298     480     309     -       
0       386     493     -       122     65      
0       14      -       -       86      -       
ucionica5
        PON     UTO     SRI     CET     PET
0       450     -       -       321     -       
0       6       -       -       469     385     
0       120     -       -       -       216     
0       -       -       -       -       -       
0       -       -       -       145     369     
0       180     -       432     66      -       
0       83      -       -       411     242     
0       237     93      -       198     161     
0       -       -       -       -       -       
ucionica6
        PON     UTO     SRI     CET     PET
0       375     201     373     114     138     
0       -       -       -       188     -       
0       -       -       4       324     -       
0       94      -       -       437     -       
0       203     421     -       -       77      
0       -       238     49      -       -       
0       311     118     151     202     -       
0       339     276     90      220     223     
0       492     -       292     374     -       
ucionica7
        PON     UTO     SRI     CET     PET
0       458     249     133     474     -       
0       -       444     410     -       417     
0       -       229     -       -       78      
0       5       76      -       287     245     
0       -       211     428     253     -       
0       -       163     170     190     -       
0       113     -       178     -       -       
0       43      199     -       451     277     
0       96      -       -       -       394     
ucionica8
        PON     UTO     SRI     CET     PET
0       300     275     256     -       -       
0       -       44      -       356     -       
0       396     357     -       -       0       
0       89      140     -       -       20      
0       36      -       349     402     225     
0       335     236     -       -       466     
0       213     205     57      17      -       
0       42      -       -       472     244     
0       368     271     -       247     69      
ucionica9
        PON     UTO     SRI     CET     PET
0       270     266     -       -       41      
0       121     139     -       -       168     
0       218     117     -       -       -       
0       453     197     395     22      167     
0       79      447     491     39      308     
0       -       -       -       -       98      
0       323     297     136     58      35      
0       134     -       -       50      -       
0       -       -       -       459     52      
ucionica10
        PON     UTO     SRI     CET     PET
0       -       -       360     -       367     
0       -       401     228     475     -       
0       -       391     -       261     397     
0       -       449     258     -       413     
0       -       302     380     -       -       
0       366     -       293     248     362     
0       129     23      147     405     102     
0       -       -       312     -       226     
0       295     181     250     -       464     
ucionica11
        PON     UTO     SRI     CET     PET
0       -       -       -       -       -       
0       1       -       -       -       404     
0       285     -       154     -       -       
0       -       60      -       -       -       
0       -       -       -       -       -       
0       -       -       -       -       -       
0       -       -       -       -       -       
0       -       -       353     -       -       
0       -       -       255     -       284     
ucionica12
        PON     UTO     SRI     CET     PET
0       -       -       -       -       -       
0       -       -       -       -       -       
0       -       -       -       -       -       
0       -       -       -       -       -       
0       -       -       -       -       -       
0       -       294     -       -       -       
0       -       -       -       -       -       
0       -       -       -       -       -       
0       -       -       -       -       -       
ucionica13
        PON     UTO     SRI     CET     PET
0       -       -       212     -       -       
0       -       -       -       -       -       
0       -       -       -       -       -       
0       -       -       186     -       -       
0       -       -       -       -       -       
0       -       -       -       -       -       
0       -       -       -       -       -       
0       -       -       -       -       -       
0       -       -       -       -       -       
ucionica14
        PON     UTO     SRI     CET     PET
0       246     106     -       -       -       
0       418     -       -       -       -       
0       -       -       -       -       -       
0       -       -       -       -       -       
0       -       -       -       -       111     
0       -       -       -       -       -       
0       -       162     -       -       -       
0       -       -       457     -       -       
0       -       -       234     -       -       
ucionica15
        PON     UTO     SRI     CET     PET
0       -       -       -       -       -       
0       -       -       -       -       -       
0       -       -       -       -       -       
0       -       -       -       -       -       
0       -       -       -       -       -       
0       -       -       -       -       -       
0       -       -       -       -       -       
0       -       -       -       -       -       
0       -       -       -       -       -       
ucionica16
        PON     UTO     SRI     CET     PET
0       -       160     -       -       -       
0       -       -       -       -       -       
0       -       -       -       -       -       
0       172     -       -       -       -       
0       141     -       184     -       382     
0       441     -       381     -       -       
0       -       -       -       -       -       
0       -       448     -       -       273     
0       -       -       -       347     -       
ucionica17
        PON     UTO     SRI     CET     PET
0       195     -       371     29      337     
0       61      412     -       -       -       
0       30      -       -       -       416     
0       -       -       291     398     476     
0       388     343     -       -       486     
0       484     -       -       -       -       
0       460     -       -       -       473     
0       -       -       -       -       -       
0       -       286     -       408     -       
ucionica18
        PON     UTO     SRI     CET     PET
0       454     -       -       -       182     
0       -       -       471     -       -       
0       -       -       434     92      -       
0       -       -       38      125     -       
0       -       -       -       -       -       
0       -       54      53      18      498     
0       348     -       -       88      301     
0       -       299     -       193     -       
0       -       -       392     -       -       
ucionica19
        PON     UTO     SRI     CET     PET
0       -       -       -       -       -       
0       -       -       -       -       -       
0       -       -       -       -       -       
0       -       -       -       -       -       
0       -       -       -       -       -       
0       -       -       -       -       -       
0       -       -       -       -       -       
0       -       -       -       -       -       
0       -       -       -       -       499     
