ucionica0
        PON     UTO     SRI     CET     PET
0       3       57      279     246     330     
0       25      31      169     47      372     
0       13      144     340     111     339     
0       32      336     266     109     117     
0       1       399     314     318     209     
0       101     17      45      34      5       
0       103     14      59      366     184     
0       56      299     210     133     390     
0       35      104     316     274     174     
ucionica1
        PON     UTO     SRI     CET     PET
0       51      178     323     219     182     
0       75      97      168     227     383     
0       42      123     179     105     337     
0       120     100     311     294     28      
0       183     -       260     142     370     
0       128     114     349     363     74      
0       172     305     -       350     106     
0       98      241     265     -       71      
0       66      153     180     21      -       
ucionica2
        PON     UTO     SRI     CET     PET
0       131     240     355     -       149     
0       22      177     148     185     389     
0       276     268     77      374     231     
0       -       249     129     384     237     
0       82      191     256     85      165     
0       16      54      220     292     -       
0       358     371     387     189     214     
0       7       121     173     207     258     
0       198     -       253     2       -       
ucionica3
        PON     UTO     SRI     CET     PET
0       393     379     -       -       161     
0       134     186     -       -       102     
0       213     -       -       233     -       
0       -       -       261     202     283     
0       62      289     286     324     327     
0       67      108     222     223     308     
0       381     312     -       218     243     
0       0       36      146     -       217     
0       90      359     -       346     143     
ucionica4
        PON     UTO     SRI     CET     PET
0       348     19      -       -       216     
0       64      -       -       -       -       
0       -       -       -       345     -       
0       -       -       245     225     360     
0       -       -       -       -       -       
0       -       -       -       269     -       
0       33      -       -       -       -       
0       205     298     362     -       138     
0       -       -       141     -       -       
ucionica5
        PON     UTO     SRI     CET     PET
0       228     -       -       -       -       
0       -       76      373     37      -       
0       300     -       -       55      -       
0       -       -       -       -       280     
0       -       147     -       -       27      
0       -       -       -       264     288     
0       -       215     208     -       -       
0       230     212     357     -       262     
0       181     -       170     211     386     
ucionica6
        PON     UTO     SRI     CET     PET
0       -       -       -       -       -       
0       -       -       -       -       -       
0       -       -       -       364     -       
0       -       -       -       -       -       
0       -       -       -       -       -       
0       -       -       -       -       -       
0       -       -       -       -       -       
0       -       -       297     -       -       
0       -       -       -       -       -       
ucionica7
        PON     UTO     SRI     CET     PET
0       -       263     -       -       259     
0       -       -       -       145     250     
0       -       -       -       -       -       
0       -       272     -       -       -       
0       -       -       -       -       -       
0       83      164     158     -       -       
0       -       -       395     -       -       
0       -       -       -       -       -       
0       -       -       -       302     -       
ucionica8
        PON     UTO     SRI     CET     PET
0       -       281     -       166     -       
0       93      -       317     -       -       
0       378     -       -       -       -       
0       -       -       290     -       -       
0       331     95      -       -       -       
0       -       -       -       -       338     
0       -       140     -       -       -       
0       -       -       41      135     -       
0       365     -       277     -       -       
ucionica9
        PON     UTO     SRI     CET     PET
0       341     -       12      329     -       
0       49      -       328     -       206     
0       9       224     139     -       232     
0       -       352     -       124     -       
0       -       10      -       221     -       
0       287     -       -       -       -       
0       301     -       110     -       303     
0       160     -       -       -       6       
0       -       -       -       313     -       
ucionica10
        PON     UTO     SRI     CET     PET
0       -       -       -       -       -       
0       -       -       -       -       -       
0       -       -       -       -       -       
0       -       -       -       -       -       
0       -       -       -       -       -       
0       -       -       -       -       -       
0       -       -       -       -       -       
0       -       -       -       -       -       
0       -       -       -       -       -       
ucionica11
        PON     UTO     SRI     CET     PET
0       247     375     -       175     113     
0       -       130     -       242     -       
0       127     29      73      -       78      
0       194     -       163     -       192     
0       118     -       382     84      4       
0       196     295     275     -       -       
0       38      125     344     96      273     
0       -       398     248     43      -       
0       -       309     369     -       392     
ucionica12
        PON     UTO     SRI     CET     PET
0       -       385     -       255     157     
0       -       -       -       -       -       
0       115     -       322     -       92      
0       -       -       -       -       306     
0       -       -       58      -       -       
0       -       171     -       -       -       
0       -       343     -       -       -       
0       -       -       -       61      -       
0       -       -       -       -       -       
ucionica13
        PON     UTO     SRI     CET     PET
0       -       -       195     -       86      
0       -       -       -       -       -       
0       342     271     -       -       -       
0       112     -       -       -       -       
0       -       -       -       -       -       
0       -       -       -       -       203     
0       -       -       -       -       -       
0       -       -       -       236     354     
0       70      -       -       291     -       
ucionica14
        PON     UTO     SRI     CET     PET
0       -       -       -       -       -       
0       -       -       -       -       -       
0       -       -       -       -       -       
0       -       -       -       -       -       
0       -       -       -       -       -       
0       -       -       -       -       -       
0       -       -       -       -       -       
0       -       -       -       -       -       
0       -       -       -       -       -       
ucionica15
        PON     UTO     SRI     CET     PET
0       8       20      -       -       -       
0       -       -       -       197     -       
0       -       -       -       -       -       
0       -       44      -       -       -       
0       -       176     310     81      320     
0       -       -       -       -       347     
0       -       -       -       -       -       
0       -       -       -       88      307     
0       -       -       -       -       -       
ucionica16
        PON     UTO     SRI     CET     PET
0       -       -       -       284     -       
0       -       -       -       -       -       
0       -       -       -       -       -       
0       69      -       -       -       -       
0       239     -       -       -       -       
0       137     -       87      -       -       
0       -       278     -       -       193     
0       -       -       -       -       199     
0       167     -       356     -       -       
ucionica17
        PON     UTO     SRI     CET     PET
0       -       -       238     -       -       
0       190     -       -       -       -       
0       -       315     -       -       -       
0       -       -       -       52      -       
0       -       -       -       -       -       
0       -       -       -       -       -       
0       -       -       -       -       -       
0       116     -       188     -       -       
0       -       201     -       -       -       
ucionica18
        PON     UTO     SRI     CET     PET
0       -       -       -       -       -       
0       -       -       -       -       -       
0       -       152     -       -       -       
0       -       -       -       -       -       
0       -       -       -       -       -       
0       -       -       -       -       -       
0       -       -       -       -       -       
0       -       244     -       -       -       
0       -       -       -       -       -       
ucionica19
        PON     UTO     SRI     CET     PET
0       -       -       -       -       -       
0       -       159     -       -       -       
0       -       -       -       -       79      
0       94      -       257     -       -       
0       -       -       -       -       -       
0       -       -       -       368     -       
0       46      -       -       -       68      
0       -       -       -       -       -       
0       -       91      -       -       397     
