ucionica0
        PON     UTO     SRI     CET     PET
0       156     108     75      82      185     
0       -       126     -       -       -       
0       24      -       -       131     -       
0       -       -       86      71      -       
0       -       -       -       -       -       
0       -       -       -       -       105     
0       -       -       -       -       -       
0       -       -       85      -       97      
0       -       -       -       -       -       
ucionica1
        PON     UTO     SRI     CET     PET
0       38      177     51      122     162     
0       53      191     25      129     91      
0       -       88      113     49      168     
0       121     107     29      -       -       
0       -       141     183     103     62      
0       92      -       194     27      143     
0       171     60      165     176     -       
0       42      -       146     -       197     
0       101     95      2       -       104     
ucionica2
        PON     UTO     SRI     CET     PET
0       -       -       56      112     -       
0       -       119     -       18      -       
0       87      157     78      10      199     
0       155     -       -       -       -       
0       50      -       -       128     98      
0       -       -       -       93      -       
0       154     -       -       -       1       
0       134     36      164     -       -       
0       160     -       -       -       178     
ucionica3
        PON     UTO     SRI     CET     PET
0       152     -       111     67      -       
0       83      -       193     -       19      
0       -       -       0       -       -       
0       17      -       -       -       -       
0       -       -       59      -       -       
0       -       -       116     72      -       
0       28      66      -       -       148     
0       135     -       179     182     -       
0       -       -       -       -       -       
ucionica4
        PON     UTO     SRI     CET     PET
0       -       100     94      76      151     
0       69      90      149     -       -       
0       73      170     -       -       -       
0       -       -       -       114     110     
0       145     -       99      -       -       
0       139     161     89      120     61      
0       -       79      -       63      54      
0       -       -       118     172     11      
0       -       -       -       -       96      
ucionica5
        PON     UTO     SRI     CET     PET
0       190     -       46      137     180     
0       124     -       31      -       -       
0       8       -       123     84      158     
0       -       -       48      115     188     
0       195     -       184     117     22      
0       77      40      -       -       -       
0       -       -       -       -       -       
0       -       52      -       39      -       
0       -       -       150     -       -       
ucionica6
        PON     UTO     SRI     CET     PET
0       173     -       13      -       -       
0       32      147     -       -       21      
0       -       -       198     -       -       
0       -       30      167     -       37      
0       74      -       -       -       -       
0       -       -       174     142     55      
0       -       169     12      -       -       
0       106     -       163     -       -       
0       47      127     102     15      -       
ucionica7
        PON     UTO     SRI     CET     PET
0       64      9       -       -       14      
0       -       -       -       138     -       
0       144     -       -       -       34      
0       6       -       -       196     -       
0       -       181     153     187     -       
0       -       136     -       45      -       
0       159     -       -       -       -       
0       -       109     -       -       130     
0       58      -       -       -       -       
ucionica8
        PON     UTO     SRI     CET     PET
0       -       -       -       -       -       
0       -       -       -       -       -       
0       -       -       -       -       -       
0       -       -       -       -       175     
0       -       -       -       -       -       
0       -       -       -       -       -       
0       -       -       -       -       -       
0       -       -       -       -       -       
0       -       -       -       -       -       
ucionica9
        PON     UTO     SRI     CET     PET
0       -       -       -       -       -       
0       -       -       -       -       -       
0       -       -       -       -       -       
0       -       -       -       -       -       
0       -       -       -       -       -       
0       -       -       -       -       -       
0       -       -       -       -       -       
0       -       -       -       -       -       
0       -       -       -       -       192     
